<?xml version="1.0" encoding="utf-8"?>
<Project ToolsVersion="4.0" xmlns="http://schemas.microsoft.com/developer/msbuild/2003">
  <ItemGroup>
    <Filter Include="Source Files">
      <UniqueIdentifier>{4FC737F1-C7A5-4376-A066-2A32D752A2FF}</UniqueIdentifier>
      <Extensions>cpp;c;cc;cxx;def;odl;idl;hpj;bat;asm;asmx</Extensions>
    </Filter>
    <Filter Include="Header Files">
      <UniqueIdentifier>{93995380-89BD-4b04-88EB-625FBE52EBFB}</UniqueIdentifier>
      <Extensions>h;hpp;hxx;hm;inl;inc;xsd</Extensions>
    </Filter>
    <Filter Include="Resource Files">
      <UniqueIdentifier>{67DA6AB6-F800-4c08-8B7A-83BB121AAD01}</UniqueIdentifier>
      <Extensions>rc;ico;cur;bmp;dlg;rc2;rct;bin;rgs;gif;jpg;jpeg;jpe;resx;tiff;tif;png;wav</Extensions>
    </Filter>
    <Filter Include="Blocks">
      <UniqueIdentifier>{C396EB78-23E3-449B-9E94-3D5E8B2325BD}</UniqueIdentifier>
    </Filter>
    <Filter Include="Blocks\MSKinect">
      <UniqueIdentifier>{27B0CC0C-B8BB-4263-BF15-4131C59B4AA3}</UniqueIdentifier>
    </Filter>
    <Filter Include="Blocks\MSKinect\src">
      <UniqueIdentifier>{1F4EA617-3923-4D2F-AE72-AC3061BFB133}</UniqueIdentifier>
    </Filter>
    <Filter Include="Blocks\Skinning">
      <UniqueIdentifier>{81c860e8-1474-48e1-bbfc-bbb89c19c81e}</UniqueIdentifier>
    </Filter>
    <Filter Include="Blocks\Skinning\include">
      <UniqueIdentifier>{76d325f0-29bb-4956-9921-d72c14df929c}</UniqueIdentifier>
    </Filter>
    <Filter Include="Blocks\Skinning\src">
      <UniqueIdentifier>{284b65a9-b31d-4cee-8590-e300224f44cc}</UniqueIdentifier>
    </Filter>
  </ItemGroup>
  <ItemGroup>
    <ClCompile Include="..\src\KinectDemoApp.cpp">
      <Filter>Source Files</Filter>
    </ClCompile>
    <ClCompile Include="..\src\KinectDemoApp.cpp">
      <Filter>Source Files</Filter>
    </ClCompile>
    <ClInclude Include="..\include\Resources.h">
      <Filter>Header Files</Filter>
    </ClInclude>
    <ClInclude Include="..\..\..\..\Cinder-KinectSdk\src\Kinect.h">
      <Filter>Blocks\MSKinect\src</Filter>
    </ClInclude>
    <ClCompile Include="..\..\..\..\Cinder-KinectSdk\src\Kinect.cpp">
      <Filter>Blocks\MSKinect\src</Filter>
    </ClCompile>
    <ClCompile Include="..\..\..\src\ASkinnedMesh.cpp">
      <Filter>Blocks\Skinning\include</Filter>
    </ClCompile>
    <ClCompile Include="..\..\..\src\CustomIOStream.cpp">
      <Filter>Blocks\Skinning\include</Filter>
    </ClCompile>
    <ClCompile Include="..\..\..\src\ModelIo.cpp">
      <Filter>Blocks\Skinning\include</Filter>
    </ClCompile>
    <ClCompile Include="..\..\..\src\ModelSourceAssimp.cpp">
      <Filter>Blocks\Skinning\include</Filter>
    </ClCompile>
    <ClCompile Include="..\..\..\src\ModelTargetSkinnedMesh.cpp">
      <Filter>Blocks\Skinning\include</Filter>
    </ClCompile>
    <ClCompile Include="..\..\..\src\ModelTargetSkinnedVboMesh.cpp">
      <Filter>Blocks\Skinning\include</Filter>
    </ClCompile>
    <ClCompile Include="..\..\..\src\Node.cpp">
      <Filter>Blocks\Skinning\include</Filter>
    </ClCompile>
    <ClCompile Include="..\..\..\src\Skeleton.cpp">
      <Filter>Blocks\Skinning\include</Filter>
    </ClCompile>
    <ClCompile Include="..\..\..\src\SkinnedMesh.cpp">
      <Filter>Blocks\Skinning\include</Filter>
    </ClCompile>
    <ClCompile Include="..\..\..\src\SkinnedVboMesh.cpp">
      <Filter>Blocks\Skinning\include</Filter>
    </ClCompile>
  </ItemGroup>
  <ItemGroup>
    <ClInclude Include="..\include\Resources.h">
      <Filter>Header Files</Filter>
    </ClInclude>
    <ClInclude Include="..\..\..\include\AnimCurve.h">
      <Filter>Blocks\Skinning\src</Filter>
    </ClInclude>
    <ClInclude Include="..\..\..\include\ASkinnedMesh.h">
      <Filter>Blocks\Skinning\src</Filter>
    </ClInclude>
    <ClInclude Include="..\..\..\include\CustomIOStream.h">
      <Filter>Blocks\Skinning\src</Filter>
    </ClInclude>
    <ClInclude Include="..\..\..\include\ModelIo.h">
      <Filter>Blocks\Skinning\src</Filter>
    </ClInclude>
    <ClInclude Include="..\..\..\include\ModelSourceAssimp.h">
      <Filter>Blocks\Skinning\src</Filter>
    </ClInclude>
    <ClInclude Include="..\..\..\include\ModelTargetSkinnedMesh.h">
      <Filter>Blocks\Skinning\src</Filter>
    </ClInclude>
    <ClInclude Include="..\..\..\include\ModelTargetSkinnedVboMesh.h">
      <Filter>Blocks\Skinning\src</Filter>
    </ClInclude>
    <ClInclude Include="..\..\..\include\Node.h">
      <Filter>Blocks\Skinning\src</Filter>
    </ClInclude>
    <ClInclude Include="..\..\..\include\Skeleton.h">
      <Filter>Blocks\Skinning\src</Filter>
    </ClInclude>
    <ClInclude Include="..\..\..\include\SkinnedMesh.h">
      <Filter>Blocks\Skinning\src</Filter>
    </ClInclude>
    <ClInclude Include="..\..\..\include\SkinnedVboMesh.h">
      <Filter>Blocks\Skinning\src</Filter>
    </ClInclude>
  </ItemGroup>
  <ItemGroup>
    <ResourceCompile Include="Resources.rc">
      <Filter>Resource Files</Filter>
    </ResourceCompile>
  </ItemGroup>
</Project>