<?xml version="1.0" encoding="utf-8"?>
<Project ToolsVersion="4.0" xmlns="http://schemas.microsoft.com/developer/msbuild/2003">
  <ItemGroup>
    <Filter Include="Source Files">
      <UniqueIdentifier>{4FC737F1-C7A5-4376-A066-2A32D752A2FF}</UniqueIdentifier>
      <Extensions>cpp;c;cc;cxx;def;odl;idl;hpj;bat;asm;asmx</Extensions>
    </Filter>
    <Filter Include="Header Files">
      <UniqueIdentifier>{93995380-89BD-4b04-88EB-625FBE52EBFB}</UniqueIdentifier>
      <Extensions>h;hpp;hxx;hm;inl;inc;xsd</Extensions>
    </Filter>
    <Filter Include="Resource Files">
      <UniqueIdentifier>{67DA6AB6-F800-4c08-8B7A-83BB121AAD01}</UniqueIdentifier>
      <Extensions>rc;ico;cur;bmp;dlg;rc2;rct;bin;rgs;gif;jpg;jpeg;jpe;resx;tiff;tif;png;wav</Extensions>
    </Filter>
    <Filter Include="Blocks">
      <UniqueIdentifier>{A4A869AF-B222-4B61-A447-51F30D3E8399}</UniqueIdentifier>
    </Filter>
    <Filter Include="Blocks\ModelSource">
      <UniqueIdentifier>{1E17DF13-FE7C-4485-8DD3-47B3AE936D3E}</UniqueIdentifier>
    </Filter>
    <Filter Include="Blocks\ModelSource\src">
      <UniqueIdentifier>{06DC1F98-8841-44CB-A45C-47091170E819}</UniqueIdentifier>
    </Filter>
    <Filter Include="Blocks\ModelSource\src\model">
      <UniqueIdentifier>{9F9E062F-6C6F-4ADE-A5A9-48FD402D288C}</UniqueIdentifier>
    </Filter>
  </ItemGroup>
  <ItemGroup>
    <ClCompile Include="..\src\FacialMorphTargetsApp.cpp">
      <Filter>Source Files</Filter>
    </ClCompile>
    <ClCompile Include="..\src\FacialMorphTargetsApp.cpp">
      <Filter>Source Files</Filter>
    </ClCompile>
    <ClInclude Include="..\include\Resources.h">
      <Filter>Header Files</Filter>
    </ClInclude>
    <ClCompile Include="..\..\..\src\model\Actor.cpp">
      <Filter>Blocks\ModelSource\src\model</Filter>
    </ClCompile>
    <ClCompile Include="..\..\..\src\model\AnimCurve.cpp">
      <Filter>Blocks\ModelSource\src\model</Filter>
    </ClCompile>
    <ClCompile Include="..\..\..\src\model\AssimpLoader.cpp">
      <Filter>Blocks\ModelSource\src\model</Filter>
    </ClCompile>
    <ClCompile Include="..\..\..\src\model\CustomIOStream.cpp">
      <Filter>Blocks\ModelSource\src\model</Filter>
    </ClCompile>
    <ClCompile Include="..\..\..\src\model\ModelIo.cpp">
      <Filter>Blocks\ModelSource\src\model</Filter>
    </ClCompile>
    <ClCompile Include="..\..\..\src\model\Node.cpp">
      <Filter>Blocks\ModelSource\src\model</Filter>
    </ClCompile>
    <ClCompile Include="..\..\..\src\model\Renderer.cpp">
      <Filter>Blocks\ModelSource\src\model</Filter>
    </ClCompile>
    <ClCompile Include="..\..\..\src\model\SkeletalMesh.cpp">
      <Filter>Blocks\ModelSource\src\model</Filter>
    </ClCompile>
    <ClCompile Include="..\..\..\src\model\SkeletalTriMesh.cpp">
      <Filter>Blocks\ModelSource\src\model</Filter>
    </ClCompile>
    <ClCompile Include="..\..\..\src\model\Skeleton.cpp">
      <Filter>Blocks\ModelSource\src\model</Filter>
    </ClCompile>
    <ClCompile Include="..\..\..\src\model\SurfacePool.cpp">
      <Filter>Blocks\ModelSource\src\model</Filter>
    </ClCompile>
    <ClInclude Include="..\..\..\src\model\Actor.h">
      <Filter>Blocks\ModelSource\src\model</Filter>
    </ClInclude>
    <ClInclude Include="..\..\..\src\model\AnimCurve.h">
      <Filter>Blocks\ModelSource\src\model</Filter>
    </ClInclude>
    <ClInclude Include="..\..\..\src\model\AnimTrack.h">
      <Filter>Blocks\ModelSource\src\model</Filter>
    </ClInclude>
    <ClInclude Include="..\..\..\src\model\AssimpLoader.h">
      <Filter>Blocks\ModelSource\src\model</Filter>
    </ClInclude>
    <ClInclude Include="..\..\..\src\model\CustomIOStream.h">
      <Filter>Blocks\ModelSource\src\model</Filter>
    </ClInclude>
    <ClInclude Include="..\..\..\src\model\Debug.h">
      <Filter>Blocks\ModelSource\src\model</Filter>
    </ClInclude>
    <ClInclude Include="..\..\..\src\model\ModelIo.h">
      <Filter>Blocks\ModelSource\src\model</Filter>
    </ClInclude>
    <ClInclude Include="..\..\..\src\model\Node.h">
      <Filter>Blocks\ModelSource\src\model</Filter>
    </ClInclude>
    <ClInclude Include="..\..\..\src\model\Renderer.h">
      <Filter>Blocks\ModelSource\src\model</Filter>
    </ClInclude>
    <ClInclude Include="..\..\..\src\model\SkeletalMesh.h">
      <Filter>Blocks\ModelSource\src\model</Filter>
    </ClInclude>
    <ClInclude Include="..\..\..\src\model\SkeletalTriMesh.h">
      <Filter>Blocks\ModelSource\src\model</Filter>
    </ClInclude>
    <ClInclude Include="..\..\..\src\model\Skeleton.h">
      <Filter>Blocks\ModelSource\src\model</Filter>
    </ClInclude>
    <ClInclude Include="..\..\..\src\model\SurfacePool.h">
      <Filter>Blocks\ModelSource\src\model</Filter>
    </ClInclude>
    <ClCompile Include="..\..\..\src\model\MorphedMesh.cpp">
      <Filter>Blocks\ModelSource\src\model</Filter>
    </ClCompile>
  </ItemGroup>
  <ItemGroup>
    <ClInclude Include="..\include\Resources.h">
      <Filter>Header Files</Filter>
    </ClInclude>
    <ClInclude Include="..\..\..\src\model\AMeshSection.h">
      <Filter>Blocks\ModelSource\src\model</Filter>
    </ClInclude>
    <ClInclude Include="..\..\..\src\model\MorphedMesh.h">
      <Filter>Blocks\ModelSource\src\model</Filter>
    </ClInclude>
  </ItemGroup>
  <ItemGroup>
    <ResourceCompile Include="Resources.rc">
      <Filter>Resource Files</Filter>
    </ResourceCompile>
  </ItemGroup>
</Project>