// !$*UTF8*$!
{
	archiveVersion = 1;
	classes = {
	};
	objectVersion = 46;
	objects = {

/* Begin PBXBuildFile section */
		0091D8F90E81B9330029341E /* OpenGL.framework in Frameworks */ = {isa = PBXBuildFile; fileRef = 0091D8F80E81B9330029341E /* OpenGL.framework */; };
		00B784B30FF439BC000DE1D7 /* Accelerate.framework in Frameworks */ = {isa = PBXBuildFile; fileRef = 00B784AF0FF439BC000DE1D7 /* Accelerate.framework */; };
		00B784B40FF439BC000DE1D7 /* AudioToolbox.framework in Frameworks */ = {isa = PBXBuildFile; fileRef = 00B784B00FF439BC000DE1D7 /* AudioToolbox.framework */; };
		00B784B50FF439BC000DE1D7 /* AudioUnit.framework in Frameworks */ = {isa = PBXBuildFile; fileRef = 00B784B10FF439BC000DE1D7 /* AudioUnit.framework */; };
		00B784B60FF439BC000DE1D7 /* CoreAudio.framework in Frameworks */ = {isa = PBXBuildFile; fileRef = 00B784B20FF439BC000DE1D7 /* CoreAudio.framework */; };
		0F4795547ED4410E962DE84E /* CinderApp.icns in Resources */ = {isa = PBXBuildFile; fileRef = 2BC98BCB55134B558109EC71 /* CinderApp.icns */; };
		1444DBC61BD45B6700FA016A /* libz.a in Frameworks */ = {isa = PBXBuildFile; fileRef = 1444DBC51BD45B6700FA016A /* libz.a */; };
		149078AE1BD3909F00575DD7 /* IOKit.framework in Frameworks */ = {isa = PBXBuildFile; fileRef = 149078AD1BD3909F00575DD7 /* IOKit.framework */; };
		5323E6B20EAFCA74003A9687 /* CoreVideo.framework in Frameworks */ = {isa = PBXBuildFile; fileRef = 5323E6B10EAFCA74003A9687 /* CoreVideo.framework */; };
		5323E6B60EAFCA7E003A9687 /* QTKit.framework in Frameworks */ = {isa = PBXBuildFile; fileRef = 5323E6B50EAFCA7E003A9687 /* QTKit.framework */; };
		6C8E324B3086412F803F37D8 /* SeymourDemoApp.cpp in Sources */ = {isa = PBXBuildFile; fileRef = 344C88BFFC2246ADB469B8F4 /* SeymourDemoApp.cpp */; };
		8D11072F0486CEB800E47090 /* Cocoa.framework in Frameworks */ = {isa = PBXBuildFile; fileRef = 1058C7A1FEA54F0111CA2CBB /* Cocoa.framework */; };
		B0033E3E1948A595009F1BE0 /* MorphedMesh.cpp in Sources */ = {isa = PBXBuildFile; fileRef = B0033E3C1948A595009F1BE0 /* MorphedMesh.cpp */; };
		B0033E421948A5A2009F1BE0 /* model_frag.glsl in Resources */ = {isa = PBXBuildFile; fileRef = B0033E3F1948A5A2009F1BE0 /* model_frag.glsl */; };
		B0033E431948A5A2009F1BE0 /* skinning_vert.glsl in Resources */ = {isa = PBXBuildFile; fileRef = B0033E401948A5A2009F1BE0 /* skinning_vert.glsl */; };
		B0033E441948A5A2009F1BE0 /* morph_vert.glsl in Resources */ = {isa = PBXBuildFile; fileRef = B0033E411948A5A2009F1BE0 /* morph_vert.glsl */; };
		B00FA17119A83CC600DBC0D3 /* CoreMedia.framework in Frameworks */ = {isa = PBXBuildFile; fileRef = B00FA17019A83CC600DBC0D3 /* CoreMedia.framework */; };
		B00FA17319A83CCF00DBC0D3 /* AVFoundation.framework in Frameworks */ = {isa = PBXBuildFile; fileRef = B00FA17219A83CCF00DBC0D3 /* AVFoundation.framework */; };
		B02B23531926C6F7007DAF3B /* SkeletalTriMesh.cpp in Sources */ = {isa = PBXBuildFile; fileRef = B02B23501926C6F7007DAF3B /* SkeletalTriMesh.cpp */; };
		B02B23541926C6F7007DAF3B /* SkeletalMesh.cpp in Sources */ = {isa = PBXBuildFile; fileRef = B02B23521926C6F7007DAF3B /* SkeletalMesh.cpp */; };
		B0707E9218FB3E2500265CB0 /* SurfacePool.cpp in Sources */ = {isa = PBXBuildFile; fileRef = B0707E9118FB3E2500265CB0 /* SurfacePool.cpp */; };
		B083203419BD6D9F00B2CD14 /* static_vert.glsl in Resources */ = {isa = PBXBuildFile; fileRef = B083203319BD6C2900B2CD14 /* static_vert.glsl */; };
		B09FA97718BC61C30029C63A /* Actor.cpp in Sources */ = {isa = PBXBuildFile; fileRef = B09FA96018BC61C30029C63A /* Actor.cpp */; };
		B09FA97818BC61C30029C63A /* AnimCurve.cpp in Sources */ = {isa = PBXBuildFile; fileRef = B09FA96318BC61C30029C63A /* AnimCurve.cpp */; };
		B09FA97918BC61C30029C63A /* AssimpLoader.cpp in Sources */ = {isa = PBXBuildFile; fileRef = B09FA96618BC61C30029C63A /* AssimpLoader.cpp */; };
		B09FA97B18BC61C30029C63A /* ModelIo.cpp in Sources */ = {isa = PBXBuildFile; fileRef = B09FA96B18BC61C30029C63A /* ModelIo.cpp */; };
		B09FA97C18BC61C30029C63A /* Node.cpp in Sources */ = {isa = PBXBuildFile; fileRef = B09FA96D18BC61C30029C63A /* Node.cpp */; };
		B09FA97D18BC61C30029C63A /* Renderer.cpp in Sources */ = {isa = PBXBuildFile; fileRef = B09FA96F18BC61C30029C63A /* Renderer.cpp */; };
		B09FA97E18BC61C30029C63A /* Skeleton.cpp in Sources */ = {isa = PBXBuildFile; fileRef = B09FA97118BC61C30029C63A /* Skeleton.cpp */; };
		B0EAB59619BA443E00869DB9 /* StaticMesh.cpp in Sources */ = {isa = PBXBuildFile; fileRef = B0EAB59519BA443E00869DB9 /* StaticMesh.cpp */; };
/* End PBXBuildFile section */

/* Begin PBXFileReference section */
		0091D8F80E81B9330029341E /* OpenGL.framework */ = {isa = PBXFileReference; lastKnownFileType = wrapper.framework; name = OpenGL.framework; path = /System/Library/Frameworks/OpenGL.framework; sourceTree = "<absolute>"; };
		00B784AF0FF439BC000DE1D7 /* Accelerate.framework */ = {isa = PBXFileReference; lastKnownFileType = wrapper.framework; name = Accelerate.framework; path = System/Library/Frameworks/Accelerate.framework; sourceTree = SDKROOT; };
		00B784B00FF439BC000DE1D7 /* AudioToolbox.framework */ = {isa = PBXFileReference; lastKnownFileType = wrapper.framework; name = AudioToolbox.framework; path = System/Library/Frameworks/AudioToolbox.framework; sourceTree = SDKROOT; };
		00B784B10FF439BC000DE1D7 /* AudioUnit.framework */ = {isa = PBXFileReference; lastKnownFileType = wrapper.framework; name = AudioUnit.framework; path = System/Library/Frameworks/AudioUnit.framework; sourceTree = SDKROOT; };
		00B784B20FF439BC000DE1D7 /* CoreAudio.framework */ = {isa = PBXFileReference; lastKnownFileType = wrapper.framework; name = CoreAudio.framework; path = System/Library/Frameworks/CoreAudio.framework; sourceTree = SDKROOT; };
		0E1BE547961C4AA2A48E98A2 /* Info.plist */ = {isa = PBXFileReference; lastKnownFileType = text.plist.xml; path = Info.plist; sourceTree = "<group>"; };
		1058C7A1FEA54F0111CA2CBB /* Cocoa.framework */ = {isa = PBXFileReference; lastKnownFileType = wrapper.framework; name = Cocoa.framework; path = /System/Library/Frameworks/Cocoa.framework; sourceTree = "<absolute>"; };
		1444DBC51BD45B6700FA016A /* libz.a */ = {isa = PBXFileReference; lastKnownFileType = archive.ar; name = libz.a; path = ../../../../../lib/macosx/libz.a; sourceTree = "<group>"; };
		149078AD1BD3909F00575DD7 /* IOKit.framework */ = {isa = PBXFileReference; lastKnownFileType = wrapper.framework; name = IOKit.framework; path = /System/Library/Frameworks/IOKit.framework; sourceTree = "<absolute>"; };
		29B97324FDCFA39411CA2CEA /* AppKit.framework */ = {isa = PBXFileReference; lastKnownFileType = wrapper.framework; name = AppKit.framework; path = /System/Library/Frameworks/AppKit.framework; sourceTree = "<absolute>"; };
		29B97325FDCFA39411CA2CEA /* Foundation.framework */ = {isa = PBXFileReference; lastKnownFileType = wrapper.framework; name = Foundation.framework; path = /System/Library/Frameworks/Foundation.framework; sourceTree = "<absolute>"; };
		2BC98BCB55134B558109EC71 /* CinderApp.icns */ = {isa = PBXFileReference; lastKnownFileType = image.icns; name = CinderApp.icns; path = ../resources/CinderApp.icns; sourceTree = "<group>"; };
		344C88BFFC2246ADB469B8F4 /* SeymourDemoApp.cpp */ = {isa = PBXFileReference; lastKnownFileType = sourcecode.c.cpp; name = SeymourDemoApp.cpp; path = ../src/SeymourDemoApp.cpp; sourceTree = "<group>"; };
		5323E6B10EAFCA74003A9687 /* CoreVideo.framework */ = {isa = PBXFileReference; lastKnownFileType = wrapper.framework; name = CoreVideo.framework; path = /System/Library/Frameworks/CoreVideo.framework; sourceTree = "<absolute>"; };
		5323E6B50EAFCA7E003A9687 /* QTKit.framework */ = {isa = PBXFileReference; lastKnownFileType = wrapper.framework; name = QTKit.framework; path = /System/Library/Frameworks/QTKit.framework; sourceTree = "<absolute>"; };
		87FC624A6C5647E69C8BEE2A /* SeymourDemo_Prefix.pch */ = {isa = PBXFileReference; lastKnownFileType = "\"\""; path = SeymourDemo_Prefix.pch; sourceTree = "<group>"; };
		8D1107320486CEB800E47090 /* SeymourDemo.app */ = {isa = PBXFileReference; explicitFileType = wrapper.application; includeInIndex = 0; path = SeymourDemo.app; sourceTree = BUILT_PRODUCTS_DIR; };
		B0033E3C1948A595009F1BE0 /* MorphedMesh.cpp */ = {isa = PBXFileReference; fileEncoding = 4; lastKnownFileType = sourcecode.cpp.cpp; path = MorphedMesh.cpp; sourceTree = "<group>"; };
		B0033E3D1948A595009F1BE0 /* MorphedMesh.h */ = {isa = PBXFileReference; fileEncoding = 4; lastKnownFileType = sourcecode.c.h; path = MorphedMesh.h; sourceTree = "<group>"; };
		B0033E3F1948A5A2009F1BE0 /* model_frag.glsl */ = {isa = PBXFileReference; fileEncoding = 4; lastKnownFileType = text; name = model_frag.glsl; path = ../../../resources/model_frag.glsl; sourceTree = "<group>"; };
		B0033E401948A5A2009F1BE0 /* skinning_vert.glsl */ = {isa = PBXFileReference; fileEncoding = 4; lastKnownFileType = text; name = skinning_vert.glsl; path = ../../../resources/skinning_vert.glsl; sourceTree = "<group>"; };
		B0033E411948A5A2009F1BE0 /* morph_vert.glsl */ = {isa = PBXFileReference; fileEncoding = 4; lastKnownFileType = text; name = morph_vert.glsl; path = ../../../resources/morph_vert.glsl; sourceTree = "<group>"; };
		B00FA17019A83CC600DBC0D3 /* CoreMedia.framework */ = {isa = PBXFileReference; lastKnownFileType = wrapper.framework; name = CoreMedia.framework; path = System/Library/Frameworks/CoreMedia.framework; sourceTree = SDKROOT; };
		B00FA17219A83CCF00DBC0D3 /* AVFoundation.framework */ = {isa = PBXFileReference; lastKnownFileType = wrapper.framework; name = AVFoundation.framework; path = System/Library/Frameworks/AVFoundation.framework; sourceTree = SDKROOT; };
		B02B234F1926C6F7007DAF3B /* SkeletalTriMesh.h */ = {isa = PBXFileReference; fileEncoding = 4; lastKnownFileType = sourcecode.c.h; path = SkeletalTriMesh.h; sourceTree = "<group>"; };
		B02B23501926C6F7007DAF3B /* SkeletalTriMesh.cpp */ = {isa = PBXFileReference; fileEncoding = 4; lastKnownFileType = sourcecode.cpp.cpp; path = SkeletalTriMesh.cpp; sourceTree = "<group>"; };
		B02B23511926C6F7007DAF3B /* SkeletalMesh.h */ = {isa = PBXFileReference; fileEncoding = 4; lastKnownFileType = sourcecode.c.h; path = SkeletalMesh.h; sourceTree = "<group>"; };
		B02B23521926C6F7007DAF3B /* SkeletalMesh.cpp */ = {isa = PBXFileReference; fileEncoding = 4; lastKnownFileType = sourcecode.cpp.cpp; path = SkeletalMesh.cpp; sourceTree = "<group>"; };
		B0707E9018FB3E2500265CB0 /* SurfacePool.h */ = {isa = PBXFileReference; fileEncoding = 4; lastKnownFileType = sourcecode.c.h; path = SurfacePool.h; sourceTree = "<group>"; };
		B0707E9118FB3E2500265CB0 /* SurfacePool.cpp */ = {isa = PBXFileReference; fileEncoding = 4; lastKnownFileType = sourcecode.cpp.cpp; path = SurfacePool.cpp; sourceTree = "<group>"; };
		B083203319BD6C2900B2CD14 /* static_vert.glsl */ = {isa = PBXFileReference; lastKnownFileType = text; name = static_vert.glsl; path = ../../../resources/static_vert.glsl; sourceTree = "<group>"; };
		B09FA96018BC61C30029C63A /* Actor.cpp */ = {isa = PBXFileReference; fileEncoding = 4; lastKnownFileType = sourcecode.cpp.cpp; path = Actor.cpp; sourceTree = "<group>"; };
		B09FA96118BC61C30029C63A /* Actor.h */ = {isa = PBXFileReference; fileEncoding = 4; lastKnownFileType = sourcecode.c.h; path = Actor.h; sourceTree = "<group>"; };
		B09FA96218BC61C30029C63A /* AMeshSection.h */ = {isa = PBXFileReference; fileEncoding = 4; lastKnownFileType = sourcecode.c.h; path = AMeshSection.h; sourceTree = "<group>"; };
		B09FA96318BC61C30029C63A /* AnimCurve.cpp */ = {isa = PBXFileReference; fileEncoding = 4; lastKnownFileType = sourcecode.cpp.cpp; path = AnimCurve.cpp; sourceTree = "<group>"; };
		B09FA96418BC61C30029C63A /* AnimCurve.h */ = {isa = PBXFileReference; fileEncoding = 4; lastKnownFileType = sourcecode.c.h; path = AnimCurve.h; sourceTree = "<group>"; };
		B09FA96518BC61C30029C63A /* AnimTrack.h */ = {isa = PBXFileReference; fileEncoding = 4; lastKnownFileType = sourcecode.c.h; path = AnimTrack.h; sourceTree = "<group>"; };
		B09FA96618BC61C30029C63A /* AssimpLoader.cpp */ = {isa = PBXFileReference; fileEncoding = 4; lastKnownFileType = sourcecode.cpp.cpp; path = AssimpLoader.cpp; sourceTree = "<group>"; };
		B09FA96718BC61C30029C63A /* AssimpLoader.h */ = {isa = PBXFileReference; fileEncoding = 4; lastKnownFileType = sourcecode.c.h; path = AssimpLoader.h; sourceTree = "<group>"; };
		B09FA96A18BC61C30029C63A /* Debug.h */ = {isa = PBXFileReference; fileEncoding = 4; lastKnownFileType = sourcecode.c.h; path = Debug.h; sourceTree = "<group>"; };
		B09FA96B18BC61C30029C63A /* ModelIo.cpp */ = {isa = PBXFileReference; fileEncoding = 4; lastKnownFileType = sourcecode.cpp.cpp; path = ModelIo.cpp; sourceTree = "<group>"; };
		B09FA96C18BC61C30029C63A /* ModelIo.h */ = {isa = PBXFileReference; fileEncoding = 4; lastKnownFileType = sourcecode.c.h; path = ModelIo.h; sourceTree = "<group>"; };
		B09FA96D18BC61C30029C63A /* Node.cpp */ = {isa = PBXFileReference; fileEncoding = 4; lastKnownFileType = sourcecode.cpp.cpp; path = Node.cpp; sourceTree = "<group>"; };
		B09FA96E18BC61C30029C63A /* Node.h */ = {isa = PBXFileReference; fileEncoding = 4; lastKnownFileType = sourcecode.c.h; path = Node.h; sourceTree = "<group>"; };
		B09FA96F18BC61C30029C63A /* Renderer.cpp */ = {isa = PBXFileReference; fileEncoding = 4; lastKnownFileType = sourcecode.cpp.cpp; path = Renderer.cpp; sourceTree = "<group>"; };
		B09FA97018BC61C30029C63A /* Renderer.h */ = {isa = PBXFileReference; fileEncoding = 4; lastKnownFileType = sourcecode.c.h; path = Renderer.h; sourceTree = "<group>"; };
		B09FA97118BC61C30029C63A /* Skeleton.cpp */ = {isa = PBXFileReference; fileEncoding = 4; lastKnownFileType = sourcecode.cpp.cpp; path = Skeleton.cpp; sourceTree = "<group>"; };
		B09FA97218BC61C30029C63A /* Skeleton.h */ = {isa = PBXFileReference; fileEncoding = 4; lastKnownFileType = sourcecode.c.h; path = Skeleton.h; sourceTree = "<group>"; };
		B0EAB59419BA443E00869DB9 /* StaticMesh.h */ = {isa = PBXFileReference; fileEncoding = 4; lastKnownFileType = sourcecode.c.h; path = StaticMesh.h; sourceTree = "<group>"; };
		B0EAB59519BA443E00869DB9 /* StaticMesh.cpp */ = {isa = PBXFileReference; fileEncoding = 4; lastKnownFileType = sourcecode.cpp.cpp; path = StaticMesh.cpp; sourceTree = "<group>"; };
		CCE6160D84AB4309962A6988 /* Resources.h */ = {isa = PBXFileReference; lastKnownFileType = sourcecode.c.h; name = Resources.h; path = ../include/Resources.h; sourceTree = "<group>"; };
/* End PBXFileReference section */

/* Begin PBXFrameworksBuildPhase section */
		8D11072E0486CEB800E47090 /* Frameworks */ = {
			isa = PBXFrameworksBuildPhase;
			buildActionMask = 2147483647;
			files = (
				B00FA17319A83CCF00DBC0D3 /* AVFoundation.framework in Frameworks */,
				B00FA17119A83CC600DBC0D3 /* CoreMedia.framework in Frameworks */,
				8D11072F0486CEB800E47090 /* Cocoa.framework in Frameworks */,
				0091D8F90E81B9330029341E /* OpenGL.framework in Frameworks */,
				149078AE1BD3909F00575DD7 /* IOKit.framework in Frameworks */,
				5323E6B20EAFCA74003A9687 /* CoreVideo.framework in Frameworks */,
				1444DBC61BD45B6700FA016A /* libz.a in Frameworks */,
				5323E6B60EAFCA7E003A9687 /* QTKit.framework in Frameworks */,
				00B784B30FF439BC000DE1D7 /* Accelerate.framework in Frameworks */,
				00B784B40FF439BC000DE1D7 /* AudioToolbox.framework in Frameworks */,
				00B784B50FF439BC000DE1D7 /* AudioUnit.framework in Frameworks */,
				00B784B60FF439BC000DE1D7 /* CoreAudio.framework in Frameworks */,
			);
			runOnlyForDeploymentPostprocessing = 0;
		};
/* End PBXFrameworksBuildPhase section */

/* Begin PBXGroup section */
		01B97315FEAEA392516A2CEA /* Blocks */ = {
			isa = PBXGroup;
			children = (
				B09FA95E18BC616C0029C63A /* ModelSource */,
			);
			name = Blocks;
			sourceTree = "<group>";
		};
		080E96DDFE201D6D7F000001 /* Source */ = {
			isa = PBXGroup;
			children = (
				344C88BFFC2246ADB469B8F4 /* SeymourDemoApp.cpp */,
			);
			name = Source;
			sourceTree = "<group>";
		};
		1058C7A0FEA54F0111CA2CBB /* Linked Frameworks */ = {
			isa = PBXGroup;
			children = (
				00B784AF0FF439BC000DE1D7 /* Accelerate.framework */,
				00B784B00FF439BC000DE1D7 /* AudioToolbox.framework */,
				00B784B10FF439BC000DE1D7 /* AudioUnit.framework */,
				00B784B20FF439BC000DE1D7 /* CoreAudio.framework */,
				5323E6B50EAFCA7E003A9687 /* QTKit.framework */,
				5323E6B10EAFCA74003A9687 /* CoreVideo.framework */,
				0091D8F80E81B9330029341E /* OpenGL.framework */,
				1058C7A1FEA54F0111CA2CBB /* Cocoa.framework */,
			);
			name = "Linked Frameworks";
			sourceTree = "<group>";
		};
		1058C7A2FEA54F0111CA2CBB /* Other Frameworks */ = {
			isa = PBXGroup;
			children = (
				149078AD1BD3909F00575DD7 /* IOKit.framework */,
				29B97324FDCFA39411CA2CEA /* AppKit.framework */,
				29B97325FDCFA39411CA2CEA /* Foundation.framework */,
			);
			name = "Other Frameworks";
			sourceTree = "<group>";
		};
		19C28FACFE9D520D11CA2CBB /* Products */ = {
			isa = PBXGroup;
			children = (
				8D1107320486CEB800E47090 /* SeymourDemo.app */,
			);
			name = Products;
			sourceTree = "<group>";
		};
		29B97314FDCFA39411CA2CEA /* SeymourDemo */ = {
			isa = PBXGroup;
			children = (
				01B97315FEAEA392516A2CEA /* Blocks */,
				29B97315FDCFA39411CA2CEA /* Headers */,
				080E96DDFE201D6D7F000001 /* Source */,
				29B97317FDCFA39411CA2CEA /* Resources */,
				29B97323FDCFA39411CA2CEA /* Frameworks */,
				19C28FACFE9D520D11CA2CBB /* Products */,
			);
			name = SeymourDemo;
			sourceTree = "<group>";
		};
		29B97315FDCFA39411CA2CEA /* Headers */ = {
			isa = PBXGroup;
			children = (
				CCE6160D84AB4309962A6988 /* Resources.h */,
				87FC624A6C5647E69C8BEE2A /* SeymourDemo_Prefix.pch */,
			);
			name = Headers;
			sourceTree = "<group>";
		};
		29B97317FDCFA39411CA2CEA /* Resources */ = {
			isa = PBXGroup;
			children = (
				2BC98BCB55134B558109EC71 /* CinderApp.icns */,
				0E1BE547961C4AA2A48E98A2 /* Info.plist */,
			);
			name = Resources;
			sourceTree = "<group>";
		};
		29B97323FDCFA39411CA2CEA /* Frameworks */ = {
			isa = PBXGroup;
			children = (
				1444DBC51BD45B6700FA016A /* libz.a */,
				B00FA17219A83CCF00DBC0D3 /* AVFoundation.framework */,
				B00FA17019A83CC600DBC0D3 /* CoreMedia.framework */,
				1058C7A0FEA54F0111CA2CBB /* Linked Frameworks */,
				1058C7A2FEA54F0111CA2CBB /* Other Frameworks */,
			);
			name = Frameworks;
			sourceTree = "<group>";
		};
		4D9769CC73854B94826B2591 /* resources */ = {
			isa = PBXGroup;
			children = (
				B083203319BD6C2900B2CD14 /* static_vert.glsl */,
				B0033E401948A5A2009F1BE0 /* skinning_vert.glsl */,
				B0033E411948A5A2009F1BE0 /* morph_vert.glsl */,
				B0033E3F1948A5A2009F1BE0 /* model_frag.glsl */,
			);
			name = resources;
			sourceTree = "<group>";
		};
		B083203519BD6DB400B2CD14 /* mesh */ = {
			isa = PBXGroup;
			children = (
				B09FA96218BC61C30029C63A /* AMeshSection.h */,
				B0EAB59419BA443E00869DB9 /* StaticMesh.h */,
				B0EAB59519BA443E00869DB9 /* StaticMesh.cpp */,
				B02B23511926C6F7007DAF3B /* SkeletalMesh.h */,
				B02B23521926C6F7007DAF3B /* SkeletalMesh.cpp */,
				B02B234F1926C6F7007DAF3B /* SkeletalTriMesh.h */,
				B02B23501926C6F7007DAF3B /* SkeletalTriMesh.cpp */,
				B0033E3D1948A595009F1BE0 /* MorphedMesh.h */,
				B0033E3C1948A595009F1BE0 /* MorphedMesh.cpp */,
			);
			name = mesh;
			sourceTree = "<group>";
		};
		B083203619BD6DC600B2CD14 /* skeleton */ = {
			isa = PBXGroup;
			children = (
				B09FA96D18BC61C30029C63A /* Node.cpp */,
				B09FA96E18BC61C30029C63A /* Node.h */,
				B09FA97118BC61C30029C63A /* Skeleton.cpp */,
				B09FA97218BC61C30029C63A /* Skeleton.h */,
			);
			name = skeleton;
			sourceTree = "<group>";
		};
		B083203719BD6DD900B2CD14 /* loader */ = {
			isa = PBXGroup;
			children = (
				B09FA96B18BC61C30029C63A /* ModelIo.cpp */,
				B09FA96C18BC61C30029C63A /* ModelIo.h */,
				B09FA96618BC61C30029C63A /* AssimpLoader.cpp */,
				B09FA96718BC61C30029C63A /* AssimpLoader.h */,
				B0707E9018FB3E2500265CB0 /* SurfacePool.h */,
				B0707E9118FB3E2500265CB0 /* SurfacePool.cpp */,
			);
			name = loader;
			sourceTree = "<group>";
		};
		B083203819BD6DF800B2CD14 /* animation */ = {
			isa = PBXGroup;
			children = (
				B09FA96118BC61C30029C63A /* Actor.h */,
				B09FA96018BC61C30029C63A /* Actor.cpp */,
				B09FA96318BC61C30029C63A /* AnimCurve.cpp */,
				B09FA96418BC61C30029C63A /* AnimCurve.h */,
				B09FA96518BC61C30029C63A /* AnimTrack.h */,
			);
			name = animation;
			sourceTree = "<group>";
		};
		B09FA95E18BC616C0029C63A /* ModelSource */ = {
			isa = PBXGroup;
			children = (
				B09FA95F18BC61C30029C63A /* model */,
				4D9769CC73854B94826B2591 /* resources */,
			);
			name = ModelSource;
			sourceTree = "<group>";
		};
		B09FA95F18BC61C30029C63A /* model */ = {
			isa = PBXGroup;
			children = (
				B083203819BD6DF800B2CD14 /* animation */,
				B083203719BD6DD900B2CD14 /* loader */,
				B083203619BD6DC600B2CD14 /* skeleton */,
				B083203519BD6DB400B2CD14 /* mesh */,
				B09FA96A18BC61C30029C63A /* Debug.h */,
				B09FA96F18BC61C30029C63A /* Renderer.cpp */,
				B09FA97018BC61C30029C63A /* Renderer.h */,
			);
			name = model;
			path = ../../../src/model;
			sourceTree = "<group>";
		};
/* End PBXGroup section */

/* Begin PBXNativeTarget section */
		8D1107260486CEB800E47090 /* SeymourDemo */ = {
			isa = PBXNativeTarget;
			buildConfigurationList = C01FCF4A08A954540054247B /* Build configuration list for PBXNativeTarget "SeymourDemo" */;
			buildPhases = (
				8D1107290486CEB800E47090 /* Resources */,
				8D11072C0486CEB800E47090 /* Sources */,
				8D11072E0486CEB800E47090 /* Frameworks */,
			);
			buildRules = (
			);
			dependencies = (
			);
			name = SeymourDemo;
			productInstallPath = "$(HOME)/Applications";
			productName = SeymourDemo;
			productReference = 8D1107320486CEB800E47090 /* SeymourDemo.app */;
			productType = "com.apple.product-type.application";
		};
/* End PBXNativeTarget section */

/* Begin PBXProject section */
		29B97313FDCFA39411CA2CEA /* Project object */ = {
			isa = PBXProject;
			attributes = {
				LastUpgradeCheck = 0500;
			};
			buildConfigurationList = C01FCF4E08A954540054247B /* Build configuration list for PBXProject "SeymourDemo" */;
			compatibilityVersion = "Xcode 3.2";
			developmentRegion = English;
			hasScannedForEncodings = 1;
			knownRegions = (
				English,
				Japanese,
				French,
				German,
			);
			mainGroup = 29B97314FDCFA39411CA2CEA /* SeymourDemo */;
			projectDirPath = "";
			projectRoot = "";
			targets = (
				8D1107260486CEB800E47090 /* SeymourDemo */,
			);
		};
/* End PBXProject section */

/* Begin PBXResourcesBuildPhase section */
		8D1107290486CEB800E47090 /* Resources */ = {
			isa = PBXResourcesBuildPhase;
			buildActionMask = 2147483647;
			files = (
				0F4795547ED4410E962DE84E /* CinderApp.icns in Resources */,
				B083203419BD6D9F00B2CD14 /* static_vert.glsl in Resources */,
				B0033E421948A5A2009F1BE0 /* model_frag.glsl in Resources */,
				B0033E431948A5A2009F1BE0 /* skinning_vert.glsl in Resources */,
				B0033E441948A5A2009F1BE0 /* morph_vert.glsl in Resources */,
			);
			runOnlyForDeploymentPostprocessing = 0;
		};
/* End PBXResourcesBuildPhase section */

/* Begin PBXSourcesBuildPhase section */
		8D11072C0486CEB800E47090 /* Sources */ = {
			isa = PBXSourcesBuildPhase;
			buildActionMask = 2147483647;
			files = (
				B09FA97D18BC61C30029C63A /* Renderer.cpp in Sources */,
				B02B23531926C6F7007DAF3B /* SkeletalTriMesh.cpp in Sources */,
				B09FA97B18BC61C30029C63A /* ModelIo.cpp in Sources */,
				B02B23541926C6F7007DAF3B /* SkeletalMesh.cpp in Sources */,
				B09FA97918BC61C30029C63A /* AssimpLoader.cpp in Sources */,
				B0033E3E1948A595009F1BE0 /* MorphedMesh.cpp in Sources */,
				B0707E9218FB3E2500265CB0 /* SurfacePool.cpp in Sources */,
				B09FA97818BC61C30029C63A /* AnimCurve.cpp in Sources */,
				B09FA97718BC61C30029C63A /* Actor.cpp in Sources */,
				B0EAB59619BA443E00869DB9 /* StaticMesh.cpp in Sources */,
				B09FA97E18BC61C30029C63A /* Skeleton.cpp in Sources */,
				6C8E324B3086412F803F37D8 /* SeymourDemoApp.cpp in Sources */,
				B09FA97C18BC61C30029C63A /* Node.cpp in Sources */,
			);
			runOnlyForDeploymentPostprocessing = 0;
		};
/* End PBXSourcesBuildPhase section */

/* Begin XCBuildConfiguration section */
		C01FCF4B08A954540054247B /* Debug */ = {
			isa = XCBuildConfiguration;
			buildSettings = {
				ALWAYS_SEARCH_USER_PATHS = YES;
				CINDER_PATH = ../../../../..;
				COMBINE_HIDPI_IMAGES = YES;
				COPY_PHASE_STRIP = NO;
				DEAD_CODE_STRIPPING = YES;
				GCC_DYNAMIC_NO_PIC = NO;
				GCC_INLINES_ARE_PRIVATE_EXTERN = YES;
				GCC_OPTIMIZATION_LEVEL = 0;
				GCC_PRECOMPILE_PREFIX_HEADER = YES;
				GCC_PREFIX_HEADER = SeymourDemo_Prefix.pch;
				GCC_PREPROCESSOR_DEFINITIONS = (
					"DEBUG=1",
					"$(inherited)",
				);
				GCC_SYMBOLS_PRIVATE_EXTERN = NO;
				HEADER_SEARCH_PATHS = "\"$(CINDER_PATH)/include/boost\"";
				INFOPLIST_FILE = Info.plist;
				INSTALL_PATH = "$(HOME)/Applications";
				LIBRARY_SEARCH_PATHS = (
					"$(inherited)",
					"\"$(CINDER_PATH)/lib/macosx\"",
				);
				OTHER_LDFLAGS = (
					"\"$(CINDER_PATH)/lib/libcinder_d.a\"",
					../../../lib/macosx/libassimp.a,
				);
				PRODUCT_NAME = SeymourDemo;
				SYMROOT = ./build;
				USER_HEADER_SEARCH_PATHS = "\"$(CINDER_PATH)/include\" ../include ../../../src";
				WRAPPER_EXTENSION = app;
			};
			name = Debug;
		};
		C01FCF4C08A954540054247B /* Release */ = {
			isa = XCBuildConfiguration;
			buildSettings = {
				ALWAYS_SEARCH_USER_PATHS = YES;
				CINDER_PATH = ../../../../..;
				COMBINE_HIDPI_IMAGES = YES;
				DEAD_CODE_STRIPPING = YES;
				DEBUG_INFORMATION_FORMAT = "dwarf-with-dsym";
				GCC_FAST_MATH = YES;
				GCC_GENERATE_DEBUGGING_SYMBOLS = NO;
				GCC_INLINES_ARE_PRIVATE_EXTERN = YES;
				GCC_OPTIMIZATION_LEVEL = 3;
				GCC_PRECOMPILE_PREFIX_HEADER = YES;
				GCC_PREFIX_HEADER = SeymourDemo_Prefix.pch;
				GCC_SYMBOLS_PRIVATE_EXTERN = NO;
				HEADER_SEARCH_PATHS = "\"$(CINDER_PATH)/include/boost\"";
				INFOPLIST_FILE = Info.plist;
				INSTALL_PATH = "$(HOME)/Applications";
				LIBRARY_SEARCH_PATHS = (
					"$(inherited)",
					"\"$(CINDER_PATH)/lib/macosx\"",
				);
				OTHER_LDFLAGS = (
					"\"$(CINDER_PATH)/lib/libcinder.a\"",
					../../../lib/macosx/libassimp.a,
				);
				PRODUCT_NAME = SeymourDemo;
				STRIP_INSTALLED_PRODUCT = YES;
				SYMROOT = ./build;
				USER_HEADER_SEARCH_PATHS = "\"$(CINDER_PATH)/include\" ../include ../../../src";
				WRAPPER_EXTENSION = app;
			};
			name = Release;
		};
		C01FCF4F08A954540054247B /* Debug */ = {
			isa = XCBuildConfiguration;
			buildSettings = {
				ALWAYS_SEARCH_USER_PATHS = NO;
				CINDER_PATH = ../../../../../;
				CLANG_CXX_LANGUAGE_STANDARD = "c++0x";
				CLANG_CXX_LIBRARY = "libc++";
				GCC_WARN_ABOUT_RETURN_TYPE = YES;
				GCC_WARN_UNUSED_VARIABLE = YES;
				HEADER_SEARCH_PATHS = "\"$(CINDER_PATH)/include/boost\"";
				MACOSX_DEPLOYMENT_TARGET = 10.7;
				ONLY_ACTIVE_ARCH = YES;
				SDKROOT = macosx;
				USER_HEADER_SEARCH_PATHS = "\"$(CINDER_PATH)/include\" ../include ../../../include ../../../include/assimp";
			};
			name = Debug;
		};
		C01FCF5008A954540054247B /* Release */ = {
			isa = XCBuildConfiguration;
			buildSettings = {
				ALWAYS_SEARCH_USER_PATHS = NO;
				CINDER_PATH = ../../../../../;
				CLANG_CXX_LANGUAGE_STANDARD = "c++0x";
				CLANG_CXX_LIBRARY = "libc++";
				GCC_WARN_ABOUT_RETURN_TYPE = YES;
				GCC_WARN_UNUSED_VARIABLE = YES;
				HEADER_SEARCH_PATHS = "\"$(CINDER_PATH)/include/boost\"";
				MACOSX_DEPLOYMENT_TARGET = 10.7;
				SDKROOT = macosx;
				USER_HEADER_SEARCH_PATHS = "\"$(CINDER_PATH)/include\" ../include ../../../include ../../../include/assimp";
			};
			name = Release;
		};
/* End XCBuildConfiguration section */

/* Begin XCConfigurationList section */
		C01FCF4A08A954540054247B /* Build configuration list for PBXNativeTarget "SeymourDemo" */ = {
			isa = XCConfigurationList;
			buildConfigurations = (
				C01FCF4B08A954540054247B /* Debug */,
				C01FCF4C08A954540054247B /* Release */,
			);
			defaultConfigurationIsVisible = 0;
			defaultConfigurationName = Release;
		};
		C01FCF4E08A954540054247B /* Build configuration list for PBXProject "SeymourDemo" */ = {
			isa = XCConfigurationList;
			buildConfigurations = (
				C01FCF4F08A954540054247B /* Debug */,
				C01FCF5008A954540054247B /* Release */,
			);
			defaultConfigurationIsVisible = 0;
			defaultConfigurationName = Release;
		};
/* End XCConfigurationList section */
	};
	rootObject = 29B97313FDCFA39411CA2CEA /* Project object */;
}
