// !$*UTF8*$!
{
	archiveVersion = 1;
	classes = {
	};
	objectVersion = 46;
	objects = {

/* Begin PBXBuildFile section */
		0091D8F90E81B9330029341E /* OpenGL.framework in Frameworks */ = {isa = PBXBuildFile; fileRef = 0091D8F80E81B9330029341E /* OpenGL.framework */; };
		00B784B30FF439BC000DE1D7 /* Accelerate.framework in Frameworks */ = {isa = PBXBuildFile; fileRef = 00B784AF0FF439BC000DE1D7 /* Accelerate.framework */; };
		00B784B40FF439BC000DE1D7 /* AudioToolbox.framework in Frameworks */ = {isa = PBXBuildFile; fileRef = 00B784B00FF439BC000DE1D7 /* AudioToolbox.framework */; };
		00B784B50FF439BC000DE1D7 /* AudioUnit.framework in Frameworks */ = {isa = PBXBuildFile; fileRef = 00B784B10FF439BC000DE1D7 /* AudioUnit.framework */; };
		00B784B60FF439BC000DE1D7 /* CoreAudio.framework in Frameworks */ = {isa = PBXBuildFile; fileRef = 00B784B20FF439BC000DE1D7 /* CoreAudio.framework */; };
		14DFC7501BF903E700F9A636 /* static_vert.glsl in Resources */ = {isa = PBXBuildFile; fileRef = 14DFC74F1BF903E700F9A636 /* static_vert.glsl */; };
		14DFC7521BF9043D00F9A636 /* IOKit.framework in Frameworks */ = {isa = PBXBuildFile; fileRef = 14DFC7511BF9043D00F9A636 /* IOKit.framework */; };
		14DFC7571BF904B400F9A636 /* AVFoundation.framework in Frameworks */ = {isa = PBXBuildFile; fileRef = 14DFC7561BF904B400F9A636 /* AVFoundation.framework */; };
		14DFC7591BF9050E00F9A636 /* libz.a in Frameworks */ = {isa = PBXBuildFile; fileRef = 14DFC7581BF9050E00F9A636 /* libz.a */; };
		14DFC75B1BF9053200F9A636 /* CoreMedia.framework in Frameworks */ = {isa = PBXBuildFile; fileRef = 14DFC75A1BF9053200F9A636 /* CoreMedia.framework */; };
		4CAF23B1FF584AAA856FF5C9 /* CustomShaderDemoApp.cpp in Sources */ = {isa = PBXBuildFile; fileRef = A00A884A17264A66BB3EC41C /* CustomShaderDemoApp.cpp */; };
		5323E6B20EAFCA74003A9687 /* CoreVideo.framework in Frameworks */ = {isa = PBXBuildFile; fileRef = 5323E6B10EAFCA74003A9687 /* CoreVideo.framework */; };
		5323E6B60EAFCA7E003A9687 /* QTKit.framework in Frameworks */ = {isa = PBXBuildFile; fileRef = 5323E6B50EAFCA7E003A9687 /* QTKit.framework */; };
		8D11072F0486CEB800E47090 /* Cocoa.framework in Frameworks */ = {isa = PBXBuildFile; fileRef = 1058C7A1FEA54F0111CA2CBB /* Cocoa.framework */; };
		B0287B0B195BCD510012061C /* model_frag.glsl in Resources */ = {isa = PBXBuildFile; fileRef = B0287B09195BCD510012061C /* model_frag.glsl */; };
		B0287B0C195BCD510012061C /* morph_vert.glsl in Resources */ = {isa = PBXBuildFile; fileRef = B0287B0A195BCD510012061C /* morph_vert.glsl */; };
		B02B23781926C84B007DAF3B /* SurfacePool.cpp in Sources */ = {isa = PBXBuildFile; fileRef = B02B23771926C84B007DAF3B /* SurfacePool.cpp */; };
		B02B237D1926C853007DAF3B /* SkeletalTriMesh.cpp in Sources */ = {isa = PBXBuildFile; fileRef = B02B237A1926C853007DAF3B /* SkeletalTriMesh.cpp */; };
		B02B237E1926C853007DAF3B /* SkeletalMesh.cpp in Sources */ = {isa = PBXBuildFile; fileRef = B02B237C1926C853007DAF3B /* SkeletalMesh.cpp */; };
		B0863A36191AC444002A0293 /* seymour.jpg in Resources */ = {isa = PBXBuildFile; fileRef = B0C90EC2174FB0E300E73583 /* seymour.jpg */; };
		B09FA9BB18BC63990029C63A /* Actor.cpp in Sources */ = {isa = PBXBuildFile; fileRef = B09FA9A418BC63990029C63A /* Actor.cpp */; };
		B09FA9BC18BC63990029C63A /* AnimCurve.cpp in Sources */ = {isa = PBXBuildFile; fileRef = B09FA9A718BC63990029C63A /* AnimCurve.cpp */; };
		B09FA9BD18BC63990029C63A /* AssimpLoader.cpp in Sources */ = {isa = PBXBuildFile; fileRef = B09FA9AA18BC63990029C63A /* AssimpLoader.cpp */; };
		B09FA9BE18BC63990029C63A /* CustomIOStream.cpp in Sources */ = {isa = PBXBuildFile; fileRef = B09FA9AC18BC63990029C63A /* CustomIOStream.cpp */; };
		B09FA9BF18BC63990029C63A /* ModelIo.cpp in Sources */ = {isa = PBXBuildFile; fileRef = B09FA9AF18BC63990029C63A /* ModelIo.cpp */; };
		B09FA9C018BC63990029C63A /* Node.cpp in Sources */ = {isa = PBXBuildFile; fileRef = B09FA9B118BC63990029C63A /* Node.cpp */; };
		B09FA9C118BC63990029C63A /* Renderer.cpp in Sources */ = {isa = PBXBuildFile; fileRef = B09FA9B318BC63990029C63A /* Renderer.cpp */; };
		B09FA9C218BC63990029C63A /* Skeleton.cpp in Sources */ = {isa = PBXBuildFile; fileRef = B09FA9B518BC63990029C63A /* Skeleton.cpp */; };
		B09FA9C518BC69E80029C63A /* skinning_vert.glsl in Resources */ = {isa = PBXBuildFile; fileRef = 75657DC700314C37BFC36489 /* skinning_vert.glsl */; };
		B0C90EC5174FB0E300E73583 /* astroboy_walk.dae in Resources */ = {isa = PBXBuildFile; fileRef = B0C90EC3174FB0E300E73583 /* astroboy_walk.dae */; };
		B0C90EC8174FB1CE00E73583 /* custom_vert.glsl in Resources */ = {isa = PBXBuildFile; fileRef = B0C90EC6174FB1CE00E73583 /* custom_vert.glsl */; };
		B0C90EC9174FB1CE00E73583 /* custom_frag.glsl in Resources */ = {isa = PBXBuildFile; fileRef = B0C90EC7174FB1CE00E73583 /* custom_frag.glsl */; };
		DDBC3A0A2B70468BB89D76F3 /* CinderApp.icns in Resources */ = {isa = PBXBuildFile; fileRef = 75A0A77CB9614E6680AB58E8 /* CinderApp.icns */; };
/* End PBXBuildFile section */

/* Begin PBXFileReference section */
		0091D8F80E81B9330029341E /* OpenGL.framework */ = {isa = PBXFileReference; lastKnownFileType = wrapper.framework; name = OpenGL.framework; path = /System/Library/Frameworks/OpenGL.framework; sourceTree = "<absolute>"; };
		00B784AF0FF439BC000DE1D7 /* Accelerate.framework */ = {isa = PBXFileReference; lastKnownFileType = wrapper.framework; name = Accelerate.framework; path = System/Library/Frameworks/Accelerate.framework; sourceTree = SDKROOT; };
		00B784B00FF439BC000DE1D7 /* AudioToolbox.framework */ = {isa = PBXFileReference; lastKnownFileType = wrapper.framework; name = AudioToolbox.framework; path = System/Library/Frameworks/AudioToolbox.framework; sourceTree = SDKROOT; };
		00B784B10FF439BC000DE1D7 /* AudioUnit.framework */ = {isa = PBXFileReference; lastKnownFileType = wrapper.framework; name = AudioUnit.framework; path = System/Library/Frameworks/AudioUnit.framework; sourceTree = SDKROOT; };
		00B784B20FF439BC000DE1D7 /* CoreAudio.framework */ = {isa = PBXFileReference; lastKnownFileType = wrapper.framework; name = CoreAudio.framework; path = System/Library/Frameworks/CoreAudio.framework; sourceTree = SDKROOT; };
		1058C7A1FEA54F0111CA2CBB /* Cocoa.framework */ = {isa = PBXFileReference; lastKnownFileType = wrapper.framework; name = Cocoa.framework; path = /System/Library/Frameworks/Cocoa.framework; sourceTree = "<absolute>"; };
		14DFC74F1BF903E700F9A636 /* static_vert.glsl */ = {isa = PBXFileReference; fileEncoding = 4; lastKnownFileType = text; name = static_vert.glsl; path = ../../../resources/static_vert.glsl; sourceTree = "<group>"; };
		14DFC7511BF9043D00F9A636 /* IOKit.framework */ = {isa = PBXFileReference; lastKnownFileType = wrapper.framework; name = IOKit.framework; path = System/Library/Frameworks/IOKit.framework; sourceTree = SDKROOT; };
		14DFC7561BF904B400F9A636 /* AVFoundation.framework */ = {isa = PBXFileReference; lastKnownFileType = wrapper.framework; name = AVFoundation.framework; path = System/Library/Frameworks/AVFoundation.framework; sourceTree = SDKROOT; };
		14DFC7581BF9050E00F9A636 /* libz.a */ = {isa = PBXFileReference; lastKnownFileType = archive.ar; name = libz.a; path = ../../../../../lib/macosx/libz.a; sourceTree = "<group>"; };
		14DFC75A1BF9053200F9A636 /* CoreMedia.framework */ = {isa = PBXFileReference; lastKnownFileType = wrapper.framework; name = CoreMedia.framework; path = System/Library/Frameworks/CoreMedia.framework; sourceTree = SDKROOT; };
		29B97324FDCFA39411CA2CEA /* AppKit.framework */ = {isa = PBXFileReference; lastKnownFileType = wrapper.framework; name = AppKit.framework; path = /System/Library/Frameworks/AppKit.framework; sourceTree = "<absolute>"; };
		29B97325FDCFA39411CA2CEA /* Foundation.framework */ = {isa = PBXFileReference; lastKnownFileType = wrapper.framework; name = Foundation.framework; path = /System/Library/Frameworks/Foundation.framework; sourceTree = "<absolute>"; };
		3EF10D3E838A4F1882D3B8A7 /* Resources.h */ = {isa = PBXFileReference; lastKnownFileType = sourcecode.c.h; name = Resources.h; path = ../include/Resources.h; sourceTree = "<group>"; };
		4688E9F675C04D5995E87A34 /* Info.plist */ = {isa = PBXFileReference; lastKnownFileType = text.plist.xml; path = Info.plist; sourceTree = "<group>"; };
		5323E6B10EAFCA74003A9687 /* CoreVideo.framework */ = {isa = PBXFileReference; lastKnownFileType = wrapper.framework; name = CoreVideo.framework; path = /System/Library/Frameworks/CoreVideo.framework; sourceTree = "<absolute>"; };
		5323E6B50EAFCA7E003A9687 /* QTKit.framework */ = {isa = PBXFileReference; lastKnownFileType = wrapper.framework; name = QTKit.framework; path = /System/Library/Frameworks/QTKit.framework; sourceTree = "<absolute>"; };
		75657DC700314C37BFC36489 /* skinning_vert.glsl */ = {isa = PBXFileReference; lastKnownFileType = text; name = skinning_vert.glsl; path = ../../../resources/skinning_vert.glsl; sourceTree = "<group>"; };
		75A0A77CB9614E6680AB58E8 /* CinderApp.icns */ = {isa = PBXFileReference; lastKnownFileType = image.icns; name = CinderApp.icns; path = ../resources/CinderApp.icns; sourceTree = "<group>"; };
		8D1107320486CEB800E47090 /* CustomShaderDemo.app */ = {isa = PBXFileReference; explicitFileType = wrapper.application; includeInIndex = 0; path = CustomShaderDemo.app; sourceTree = BUILT_PRODUCTS_DIR; };
		A00A884A17264A66BB3EC41C /* CustomShaderDemoApp.cpp */ = {isa = PBXFileReference; lastKnownFileType = sourcecode.c.cpp; name = CustomShaderDemoApp.cpp; path = ../src/CustomShaderDemoApp.cpp; sourceTree = "<group>"; };
		B0287B09195BCD510012061C /* model_frag.glsl */ = {isa = PBXFileReference; fileEncoding = 4; lastKnownFileType = text; name = model_frag.glsl; path = ../../../resources/model_frag.glsl; sourceTree = "<group>"; };
		B0287B0A195BCD510012061C /* morph_vert.glsl */ = {isa = PBXFileReference; fileEncoding = 4; lastKnownFileType = text; name = morph_vert.glsl; path = ../../../resources/morph_vert.glsl; sourceTree = "<group>"; };
		B02B23761926C84B007DAF3B /* SurfacePool.h */ = {isa = PBXFileReference; fileEncoding = 4; lastKnownFileType = sourcecode.c.h; path = SurfacePool.h; sourceTree = "<group>"; };
		B02B23771926C84B007DAF3B /* SurfacePool.cpp */ = {isa = PBXFileReference; fileEncoding = 4; lastKnownFileType = sourcecode.cpp.cpp; path = SurfacePool.cpp; sourceTree = "<group>"; };
		B02B23791926C853007DAF3B /* SkeletalTriMesh.h */ = {isa = PBXFileReference; fileEncoding = 4; lastKnownFileType = sourcecode.c.h; path = SkeletalTriMesh.h; sourceTree = "<group>"; };
		B02B237A1926C853007DAF3B /* SkeletalTriMesh.cpp */ = {isa = PBXFileReference; fileEncoding = 4; lastKnownFileType = sourcecode.cpp.cpp; path = SkeletalTriMesh.cpp; sourceTree = "<group>"; };
		B02B237B1926C853007DAF3B /* SkeletalMesh.h */ = {isa = PBXFileReference; fileEncoding = 4; lastKnownFileType = sourcecode.c.h; path = SkeletalMesh.h; sourceTree = "<group>"; };
		B02B237C1926C853007DAF3B /* SkeletalMesh.cpp */ = {isa = PBXFileReference; fileEncoding = 4; lastKnownFileType = sourcecode.cpp.cpp; path = SkeletalMesh.cpp; sourceTree = "<group>"; };
		B09FA9A418BC63990029C63A /* Actor.cpp */ = {isa = PBXFileReference; fileEncoding = 4; lastKnownFileType = sourcecode.cpp.cpp; path = Actor.cpp; sourceTree = "<group>"; };
		B09FA9A518BC63990029C63A /* Actor.h */ = {isa = PBXFileReference; fileEncoding = 4; lastKnownFileType = sourcecode.c.h; path = Actor.h; sourceTree = "<group>"; };
		B09FA9A618BC63990029C63A /* AMeshSection.h */ = {isa = PBXFileReference; fileEncoding = 4; lastKnownFileType = sourcecode.c.h; path = AMeshSection.h; sourceTree = "<group>"; };
		B09FA9A718BC63990029C63A /* AnimCurve.cpp */ = {isa = PBXFileReference; fileEncoding = 4; lastKnownFileType = sourcecode.cpp.cpp; path = AnimCurve.cpp; sourceTree = "<group>"; };
		B09FA9A818BC63990029C63A /* AnimCurve.h */ = {isa = PBXFileReference; fileEncoding = 4; lastKnownFileType = sourcecode.c.h; path = AnimCurve.h; sourceTree = "<group>"; };
		B09FA9A918BC63990029C63A /* AnimTrack.h */ = {isa = PBXFileReference; fileEncoding = 4; lastKnownFileType = sourcecode.c.h; path = AnimTrack.h; sourceTree = "<group>"; };
		B09FA9AA18BC63990029C63A /* AssimpLoader.cpp */ = {isa = PBXFileReference; fileEncoding = 4; lastKnownFileType = sourcecode.cpp.cpp; path = AssimpLoader.cpp; sourceTree = "<group>"; };
		B09FA9AB18BC63990029C63A /* AssimpLoader.h */ = {isa = PBXFileReference; fileEncoding = 4; lastKnownFileType = sourcecode.c.h; path = AssimpLoader.h; sourceTree = "<group>"; };
		B09FA9AC18BC63990029C63A /* CustomIOStream.cpp */ = {isa = PBXFileReference; fileEncoding = 4; lastKnownFileType = sourcecode.cpp.cpp; path = CustomIOStream.cpp; sourceTree = "<group>"; };
		B09FA9AD18BC63990029C63A /* CustomIOStream.h */ = {isa = PBXFileReference; fileEncoding = 4; lastKnownFileType = sourcecode.c.h; path = CustomIOStream.h; sourceTree = "<group>"; };
		B09FA9AE18BC63990029C63A /* Debug.h */ = {isa = PBXFileReference; fileEncoding = 4; lastKnownFileType = sourcecode.c.h; path = Debug.h; sourceTree = "<group>"; };
		B09FA9AF18BC63990029C63A /* ModelIo.cpp */ = {isa = PBXFileReference; fileEncoding = 4; lastKnownFileType = sourcecode.cpp.cpp; path = ModelIo.cpp; sourceTree = "<group>"; };
		B09FA9B018BC63990029C63A /* ModelIo.h */ = {isa = PBXFileReference; fileEncoding = 4; lastKnownFileType = sourcecode.c.h; path = ModelIo.h; sourceTree = "<group>"; };
		B09FA9B118BC63990029C63A /* Node.cpp */ = {isa = PBXFileReference; fileEncoding = 4; lastKnownFileType = sourcecode.cpp.cpp; path = Node.cpp; sourceTree = "<group>"; };
		B09FA9B218BC63990029C63A /* Node.h */ = {isa = PBXFileReference; fileEncoding = 4; lastKnownFileType = sourcecode.c.h; path = Node.h; sourceTree = "<group>"; };
		B09FA9B318BC63990029C63A /* Renderer.cpp */ = {isa = PBXFileReference; fileEncoding = 4; lastKnownFileType = sourcecode.cpp.cpp; path = Renderer.cpp; sourceTree = "<group>"; };
		B09FA9B418BC63990029C63A /* Renderer.h */ = {isa = PBXFileReference; fileEncoding = 4; lastKnownFileType = sourcecode.c.h; path = Renderer.h; sourceTree = "<group>"; };
		B09FA9B518BC63990029C63A /* Skeleton.cpp */ = {isa = PBXFileReference; fileEncoding = 4; lastKnownFileType = sourcecode.cpp.cpp; path = Skeleton.cpp; sourceTree = "<group>"; };
		B09FA9B618BC63990029C63A /* Skeleton.h */ = {isa = PBXFileReference; fileEncoding = 4; lastKnownFileType = sourcecode.c.h; path = Skeleton.h; sourceTree = "<group>"; };
		B0C90EC2174FB0E300E73583 /* seymour.jpg */ = {isa = PBXFileReference; lastKnownFileType = image.jpeg; name = seymour.jpg; path = ../resources/seymour.jpg; sourceTree = "<group>"; };
		B0C90EC3174FB0E300E73583 /* astroboy_walk.dae */ = {isa = PBXFileReference; fileEncoding = 4; lastKnownFileType = text.xml; name = astroboy_walk.dae; path = ../resources/astroboy_walk.dae; sourceTree = "<group>"; };
		B0C90EC6174FB1CE00E73583 /* custom_vert.glsl */ = {isa = PBXFileReference; explicitFileType = sourcecode.glsl; fileEncoding = 4; name = custom_vert.glsl; path = ../resources/custom_vert.glsl; sourceTree = "<group>"; };
		B0C90EC7174FB1CE00E73583 /* custom_frag.glsl */ = {isa = PBXFileReference; explicitFileType = sourcecode.glsl; fileEncoding = 4; name = custom_frag.glsl; path = ../resources/custom_frag.glsl; sourceTree = "<group>"; };
		DE961FC7C4954BBEA7A48AF1 /* CustomShaderDemo_Prefix.pch */ = {isa = PBXFileReference; lastKnownFileType = "\"\""; path = CustomShaderDemo_Prefix.pch; sourceTree = "<group>"; };
/* End PBXFileReference section */

/* Begin PBXFrameworksBuildPhase section */
		8D11072E0486CEB800E47090 /* Frameworks */ = {
			isa = PBXFrameworksBuildPhase;
			buildActionMask = 2147483647;
			files = (
				14DFC75B1BF9053200F9A636 /* CoreMedia.framework in Frameworks */,
				14DFC7591BF9050E00F9A636 /* libz.a in Frameworks */,
				14DFC7571BF904B400F9A636 /* AVFoundation.framework in Frameworks */,
				14DFC7521BF9043D00F9A636 /* IOKit.framework in Frameworks */,
				8D11072F0486CEB800E47090 /* Cocoa.framework in Frameworks */,
				0091D8F90E81B9330029341E /* OpenGL.framework in Frameworks */,
				5323E6B20EAFCA74003A9687 /* CoreVideo.framework in Frameworks */,
				5323E6B60EAFCA7E003A9687 /* QTKit.framework in Frameworks */,
				00B784B30FF439BC000DE1D7 /* Accelerate.framework in Frameworks */,
				00B784B40FF439BC000DE1D7 /* AudioToolbox.framework in Frameworks */,
				00B784B50FF439BC000DE1D7 /* AudioUnit.framework in Frameworks */,
				00B784B60FF439BC000DE1D7 /* CoreAudio.framework in Frameworks */,
			);
			runOnlyForDeploymentPostprocessing = 0;
		};
/* End PBXFrameworksBuildPhase section */

/* Begin PBXGroup section */
		01B97315FEAEA392516A2CEA /* Blocks */ = {
			isa = PBXGroup;
			children = (
				11B5512881E64546BC6183E6 /* ModelSource */,
			);
			name = Blocks;
			sourceTree = "<group>";
		};
		080E96DDFE201D6D7F000001 /* Source */ = {
			isa = PBXGroup;
			children = (
				A00A884A17264A66BB3EC41C /* CustomShaderDemoApp.cpp */,
			);
			name = Source;
			sourceTree = "<group>";
		};
		1058C7A0FEA54F0111CA2CBB /* Linked Frameworks */ = {
			isa = PBXGroup;
			children = (
				00B784AF0FF439BC000DE1D7 /* Accelerate.framework */,
				00B784B00FF439BC000DE1D7 /* AudioToolbox.framework */,
				00B784B10FF439BC000DE1D7 /* AudioUnit.framework */,
				00B784B20FF439BC000DE1D7 /* CoreAudio.framework */,
				5323E6B50EAFCA7E003A9687 /* QTKit.framework */,
				5323E6B10EAFCA74003A9687 /* CoreVideo.framework */,
				0091D8F80E81B9330029341E /* OpenGL.framework */,
				1058C7A1FEA54F0111CA2CBB /* Cocoa.framework */,
			);
			name = "Linked Frameworks";
			sourceTree = "<group>";
		};
		1058C7A2FEA54F0111CA2CBB /* Other Frameworks */ = {
			isa = PBXGroup;
			children = (
				29B97324FDCFA39411CA2CEA /* AppKit.framework */,
				29B97325FDCFA39411CA2CEA /* Foundation.framework */,
			);
			name = "Other Frameworks";
			sourceTree = "<group>";
		};
		11B5512881E64546BC6183E6 /* ModelSource */ = {
			isa = PBXGroup;
			children = (
				B09FA9A318BC63990029C63A /* model */,
				33E94E48381448BE896E699B /* resources */,
			);
			name = ModelSource;
			sourceTree = "<group>";
		};
		19C28FACFE9D520D11CA2CBB /* Products */ = {
			isa = PBXGroup;
			children = (
				8D1107320486CEB800E47090 /* CustomShaderDemo.app */,
			);
			name = Products;
			sourceTree = "<group>";
		};
		29B97314FDCFA39411CA2CEA /* CustomShaderDemo */ = {
			isa = PBXGroup;
			children = (
				01B97315FEAEA392516A2CEA /* Blocks */,
				29B97315FDCFA39411CA2CEA /* Headers */,
				080E96DDFE201D6D7F000001 /* Source */,
				29B97317FDCFA39411CA2CEA /* Resources */,
				29B97323FDCFA39411CA2CEA /* Frameworks */,
				19C28FACFE9D520D11CA2CBB /* Products */,
			);
			name = CustomShaderDemo;
			sourceTree = "<group>";
		};
		29B97315FDCFA39411CA2CEA /* Headers */ = {
			isa = PBXGroup;
			children = (
				3EF10D3E838A4F1882D3B8A7 /* Resources.h */,
				DE961FC7C4954BBEA7A48AF1 /* CustomShaderDemo_Prefix.pch */,
			);
			name = Headers;
			sourceTree = "<group>";
		};
		29B97317FDCFA39411CA2CEA /* Resources */ = {
			isa = PBXGroup;
			children = (
				B0C90EC6174FB1CE00E73583 /* custom_vert.glsl */,
				B0C90EC7174FB1CE00E73583 /* custom_frag.glsl */,
				B0C90EC2174FB0E300E73583 /* seymour.jpg */,
				B0C90EC3174FB0E300E73583 /* astroboy_walk.dae */,
				75A0A77CB9614E6680AB58E8 /* CinderApp.icns */,
				4688E9F675C04D5995E87A34 /* Info.plist */,
			);
			name = Resources;
			sourceTree = "<group>";
		};
		29B97323FDCFA39411CA2CEA /* Frameworks */ = {
			isa = PBXGroup;
			children = (
				14DFC75A1BF9053200F9A636 /* CoreMedia.framework */,
				14DFC7581BF9050E00F9A636 /* libz.a */,
				14DFC7561BF904B400F9A636 /* AVFoundation.framework */,
				14DFC7511BF9043D00F9A636 /* IOKit.framework */,
				1058C7A0FEA54F0111CA2CBB /* Linked Frameworks */,
				1058C7A2FEA54F0111CA2CBB /* Other Frameworks */,
			);
			name = Frameworks;
			sourceTree = "<group>";
		};
		33E94E48381448BE896E699B /* resources */ = {
			isa = PBXGroup;
			children = (
				14DFC74F1BF903E700F9A636 /* static_vert.glsl */,
				75657DC700314C37BFC36489 /* skinning_vert.glsl */,
				B0287B09195BCD510012061C /* model_frag.glsl */,
				B0287B0A195BCD510012061C /* morph_vert.glsl */,
			);
			name = resources;
			sourceTree = "<group>";
		};
		B09FA9A318BC63990029C63A /* model */ = {
			isa = PBXGroup;
			children = (
				B09FA9A418BC63990029C63A /* Actor.cpp */,
				B09FA9A518BC63990029C63A /* Actor.h */,
				B09FA9A618BC63990029C63A /* AMeshSection.h */,
				B09FA9A718BC63990029C63A /* AnimCurve.cpp */,
				B09FA9A818BC63990029C63A /* AnimCurve.h */,
				B09FA9A918BC63990029C63A /* AnimTrack.h */,
				B09FA9AA18BC63990029C63A /* AssimpLoader.cpp */,
				B09FA9AB18BC63990029C63A /* AssimpLoader.h */,
				B09FA9AC18BC63990029C63A /* CustomIOStream.cpp */,
				B09FA9AD18BC63990029C63A /* CustomIOStream.h */,
				B09FA9AE18BC63990029C63A /* Debug.h */,
				B09FA9AF18BC63990029C63A /* ModelIo.cpp */,
				B09FA9B018BC63990029C63A /* ModelIo.h */,
				B09FA9B118BC63990029C63A /* Node.cpp */,
				B09FA9B218BC63990029C63A /* Node.h */,
				B09FA9B318BC63990029C63A /* Renderer.cpp */,
				B09FA9B418BC63990029C63A /* Renderer.h */,
				B09FA9B518BC63990029C63A /* Skeleton.cpp */,
				B09FA9B618BC63990029C63A /* Skeleton.h */,
				B02B23791926C853007DAF3B /* SkeletalTriMesh.h */,
				B02B237A1926C853007DAF3B /* SkeletalTriMesh.cpp */,
				B02B237B1926C853007DAF3B /* SkeletalMesh.h */,
				B02B237C1926C853007DAF3B /* SkeletalMesh.cpp */,
				B02B23761926C84B007DAF3B /* SurfacePool.h */,
				B02B23771926C84B007DAF3B /* SurfacePool.cpp */,
			);
			name = model;
			path = ../../../src/model;
			sourceTree = "<group>";
		};
/* End PBXGroup section */

/* Begin PBXNativeTarget section */
		8D1107260486CEB800E47090 /* CustomShaderDemo */ = {
			isa = PBXNativeTarget;
			buildConfigurationList = C01FCF4A08A954540054247B /* Build configuration list for PBXNativeTarget "CustomShaderDemo" */;
			buildPhases = (
				8D1107290486CEB800E47090 /* Resources */,
				8D11072C0486CEB800E47090 /* Sources */,
				8D11072E0486CEB800E47090 /* Frameworks */,
			);
			buildRules = (
			);
			dependencies = (
			);
			name = CustomShaderDemo;
			productInstallPath = "$(HOME)/Applications";
			productName = CustomShaderDemo;
			productReference = 8D1107320486CEB800E47090 /* CustomShaderDemo.app */;
			productType = "com.apple.product-type.application";
		};
/* End PBXNativeTarget section */

/* Begin PBXProject section */
		29B97313FDCFA39411CA2CEA /* Project object */ = {
			isa = PBXProject;
			attributes = {
				LastUpgradeCheck = 0510;
			};
			buildConfigurationList = C01FCF4E08A954540054247B /* Build configuration list for PBXProject "CustomShaderDemo" */;
			compatibilityVersion = "Xcode 3.2";
			developmentRegion = English;
			hasScannedForEncodings = 1;
			knownRegions = (
				English,
				Japanese,
				French,
				German,
			);
			mainGroup = 29B97314FDCFA39411CA2CEA /* CustomShaderDemo */;
			projectDirPath = "";
			projectRoot = "";
			targets = (
				8D1107260486CEB800E47090 /* CustomShaderDemo */,
			);
		};
/* End PBXProject section */

/* Begin PBXResourcesBuildPhase section */
		8D1107290486CEB800E47090 /* Resources */ = {
			isa = PBXResourcesBuildPhase;
			buildActionMask = 2147483647;
			files = (
				B09FA9C518BC69E80029C63A /* skinning_vert.glsl in Resources */,
				DDBC3A0A2B70468BB89D76F3 /* CinderApp.icns in Resources */,
				B0C90EC5174FB0E300E73583 /* astroboy_walk.dae in Resources */,
				B0287B0B195BCD510012061C /* model_frag.glsl in Resources */,
				B0863A36191AC444002A0293 /* seymour.jpg in Resources */,
				B0287B0C195BCD510012061C /* morph_vert.glsl in Resources */,
				14DFC7501BF903E700F9A636 /* static_vert.glsl in Resources */,
				B0C90EC8174FB1CE00E73583 /* custom_vert.glsl in Resources */,
				B0C90EC9174FB1CE00E73583 /* custom_frag.glsl in Resources */,
			);
			runOnlyForDeploymentPostprocessing = 0;
		};
/* End PBXResourcesBuildPhase section */

/* Begin PBXSourcesBuildPhase section */
		8D11072C0486CEB800E47090 /* Sources */ = {
			isa = PBXSourcesBuildPhase;
			buildActionMask = 2147483647;
			files = (
				B09FA9C218BC63990029C63A /* Skeleton.cpp in Sources */,
				B02B237D1926C853007DAF3B /* SkeletalTriMesh.cpp in Sources */,
				B09FA9BE18BC63990029C63A /* CustomIOStream.cpp in Sources */,
				B02B237E1926C853007DAF3B /* SkeletalMesh.cpp in Sources */,
				B09FA9C018BC63990029C63A /* Node.cpp in Sources */,
				4CAF23B1FF584AAA856FF5C9 /* CustomShaderDemoApp.cpp in Sources */,
				B09FA9BD18BC63990029C63A /* AssimpLoader.cpp in Sources */,
				B09FA9C118BC63990029C63A /* Renderer.cpp in Sources */,
				B09FA9BF18BC63990029C63A /* ModelIo.cpp in Sources */,
				B09FA9BB18BC63990029C63A /* Actor.cpp in Sources */,
				B02B23781926C84B007DAF3B /* SurfacePool.cpp in Sources */,
				B09FA9BC18BC63990029C63A /* AnimCurve.cpp in Sources */,
			);
			runOnlyForDeploymentPostprocessing = 0;
		};
/* End PBXSourcesBuildPhase section */

/* Begin XCBuildConfiguration section */
		C01FCF4B08A954540054247B /* Debug */ = {
			isa = XCBuildConfiguration;
			buildSettings = {
				ALWAYS_SEARCH_USER_PATHS = YES;
				COMBINE_HIDPI_IMAGES = YES;
				COPY_PHASE_STRIP = NO;
				DEAD_CODE_STRIPPING = YES;
				GCC_DYNAMIC_NO_PIC = NO;
				GCC_INLINES_ARE_PRIVATE_EXTERN = YES;
				GCC_OPTIMIZATION_LEVEL = 0;
				GCC_PRECOMPILE_PREFIX_HEADER = YES;
				GCC_PREFIX_HEADER = CustomShaderDemo_Prefix.pch;
				GCC_PREPROCESSOR_DEFINITIONS = (
					"DEBUG=1",
					"$(inherited)",
				);
				GCC_SYMBOLS_PRIVATE_EXTERN = NO;
				INFOPLIST_FILE = Info.plist;
				INSTALL_PATH = "$(HOME)/Applications";
				LD_RUNPATH_SEARCH_PATHS = "$(inherited) @executable_path/../Frameworks";
				LIBRARY_SEARCH_PATHS = (
					"$(inherited)",
					"\"$(CINDER_PATH)/lib/macosx\"",
				);
				OTHER_LDFLAGS = (
					"\"$(CINDER_PATH)/lib/libcinder_d.a\"",
					../../../lib/macosx/libassimp.a,
				);
				PRODUCT_NAME = CustomShaderDemo;
				SYMROOT = ./build;
				USER_HEADER_SEARCH_PATHS = "\"$(CINDER_PATH)/include\" ../include ../../../src";
				WRAPPER_EXTENSION = app;
			};
			name = Debug;
		};
		C01FCF4C08A954540054247B /* Release */ = {
			isa = XCBuildConfiguration;
			buildSettings = {
				ALWAYS_SEARCH_USER_PATHS = YES;
				COMBINE_HIDPI_IMAGES = YES;
				DEAD_CODE_STRIPPING = YES;
				DEBUG_INFORMATION_FORMAT = "dwarf-with-dsym";
				GCC_FAST_MATH = YES;
				GCC_GENERATE_DEBUGGING_SYMBOLS = NO;
				GCC_INLINES_ARE_PRIVATE_EXTERN = YES;
				GCC_OPTIMIZATION_LEVEL = 3;
				GCC_PRECOMPILE_PREFIX_HEADER = YES;
				GCC_PREFIX_HEADER = CustomShaderDemo_Prefix.pch;
				GCC_SYMBOLS_PRIVATE_EXTERN = NO;
				INFOPLIST_FILE = Info.plist;
				INSTALL_PATH = "$(HOME)/Applications";
				LD_RUNPATH_SEARCH_PATHS = "$(inherited) @executable_path/../Frameworks";
				LIBRARY_SEARCH_PATHS = (
					"$(inherited)",
					"\"$(CINDER_PATH)/lib/macosx\"",
				);
				OTHER_LDFLAGS = (
					"\"$(CINDER_PATH)/lib/libcinder.a\"",
					../../../lib/macosx/libassimp.a,
				);
				PRODUCT_NAME = CustomShaderDemo;
				STRIP_INSTALLED_PRODUCT = YES;
				SYMROOT = ./build;
				USER_HEADER_SEARCH_PATHS = "\"$(CINDER_PATH)/include\" ../include ../../../src";
				WRAPPER_EXTENSION = app;
			};
			name = Release;
		};
		C01FCF4F08A954540054247B /* Debug */ = {
			isa = XCBuildConfiguration;
			buildSettings = {
				ALWAYS_SEARCH_USER_PATHS = NO;
				CINDER_PATH = ../../../../..;
				CLANG_CXX_LANGUAGE_STANDARD = "c++0x";
				CLANG_CXX_LIBRARY = "libc++";
				GCC_WARN_ABOUT_RETURN_TYPE = YES;
				GCC_WARN_UNUSED_VARIABLE = YES;
				HEADER_SEARCH_PATHS = "\"$(CINDER_PATH)/boost\"";
				MACOSX_DEPLOYMENT_TARGET = 10.7;
				ONLY_ACTIVE_ARCH = YES;
				SDKROOT = macosx;
				USER_HEADER_SEARCH_PATHS = "\"$(CINDER_PATH)/include\" ../include ../../../include ../../../include/assimp";
			};
			name = Debug;
		};
		C01FCF5008A954540054247B /* Release */ = {
			isa = XCBuildConfiguration;
			buildSettings = {
				ALWAYS_SEARCH_USER_PATHS = NO;
				CINDER_PATH = ../../../../..;
				CLANG_CXX_LANGUAGE_STANDARD = "c++0x";
				CLANG_CXX_LIBRARY = "libc++";
				GCC_WARN_ABOUT_RETURN_TYPE = YES;
				GCC_WARN_UNUSED_VARIABLE = YES;
				HEADER_SEARCH_PATHS = "\"$(CINDER_PATH)/boost\"";
				MACOSX_DEPLOYMENT_TARGET = 10.7;
				SDKROOT = macosx;
				USER_HEADER_SEARCH_PATHS = "\"$(CINDER_PATH)/include\" ../include ../../../include ../../../include/assimp";
			};
			name = Release;
		};
/* End XCBuildConfiguration section */

/* Begin XCConfigurationList section */
		C01FCF4A08A954540054247B /* Build configuration list for PBXNativeTarget "CustomShaderDemo" */ = {
			isa = XCConfigurationList;
			buildConfigurations = (
				C01FCF4B08A954540054247B /* Debug */,
				C01FCF4C08A954540054247B /* Release */,
			);
			defaultConfigurationIsVisible = 0;
			defaultConfigurationName = Release;
		};
		C01FCF4E08A954540054247B /* Build configuration list for PBXProject "CustomShaderDemo" */ = {
			isa = XCConfigurationList;
			buildConfigurations = (
				C01FCF4F08A954540054247B /* Debug */,
				C01FCF5008A954540054247B /* Release */,
			);
			defaultConfigurationIsVisible = 0;
			defaultConfigurationName = Release;
		};
/* End XCConfigurationList section */
	};
	rootObject = 29B97313FDCFA39411CA2CEA /* Project object */;
}
