// !$*UTF8*$!
{
	archiveVersion = 1;
	classes = {
	};
	objectVersion = 46;
	objects = {

/* Begin PBXBuildFile section */
		0091D8F90E81B9330029341E /* OpenGL.framework in Frameworks */ = {isa = PBXBuildFile; fileRef = 0091D8F80E81B9330029341E /* OpenGL.framework */; };
		00B784B30FF439BC000DE1D7 /* Accelerate.framework in Frameworks */ = {isa = PBXBuildFile; fileRef = 00B784AF0FF439BC000DE1D7 /* Accelerate.framework */; };
		00B784B40FF439BC000DE1D7 /* AudioToolbox.framework in Frameworks */ = {isa = PBXBuildFile; fileRef = 00B784B00FF439BC000DE1D7 /* AudioToolbox.framework */; };
		00B784B50FF439BC000DE1D7 /* AudioUnit.framework in Frameworks */ = {isa = PBXBuildFile; fileRef = 00B784B10FF439BC000DE1D7 /* AudioUnit.framework */; };
		00B784B60FF439BC000DE1D7 /* CoreAudio.framework in Frameworks */ = {isa = PBXBuildFile; fileRef = 00B784B20FF439BC000DE1D7 /* CoreAudio.framework */; };
		0C5B4F59D00A4EE2A9D88FF1 /* skinning_vert.glsl in Resources */ = {isa = PBXBuildFile; fileRef = 965F0ABD7F5C4CBB8342DD6C /* skinning_vert.glsl */; };
		14B331191BF920AA0053B51E /* static_vert.glsl in Resources */ = {isa = PBXBuildFile; fileRef = 14B331181BF920AA0053B51E /* static_vert.glsl */; };
		14B3311B1BF920BF0053B51E /* IOKit.framework in Frameworks */ = {isa = PBXBuildFile; fileRef = 14B3311A1BF920BF0053B51E /* IOKit.framework */; };
		14B3311D1BF920E80053B51E /* libz.a in Frameworks */ = {isa = PBXBuildFile; fileRef = 14B3311C1BF920E80053B51E /* libz.a */; };
		5323E6B20EAFCA74003A9687 /* CoreVideo.framework in Frameworks */ = {isa = PBXBuildFile; fileRef = 5323E6B10EAFCA74003A9687 /* CoreVideo.framework */; };
		5323E6B60EAFCA7E003A9687 /* QTKit.framework in Frameworks */ = {isa = PBXBuildFile; fileRef = 5323E6B50EAFCA7E003A9687 /* QTKit.framework */; };
		79166D9385E94D83AFD2A00D /* MultipleAnimationsDemoApp.cpp in Sources */ = {isa = PBXBuildFile; fileRef = 5B4919597CD14EA1A81C8FAD /* MultipleAnimationsDemoApp.cpp */; };
		8D11072F0486CEB800E47090 /* Cocoa.framework in Frameworks */ = {isa = PBXBuildFile; fileRef = 1058C7A1FEA54F0111CA2CBB /* Cocoa.framework */; };
		B00FA17919A9248800DBC0D3 /* CoreMedia.framework in Frameworks */ = {isa = PBXBuildFile; fileRef = B00FA17819A9248800DBC0D3 /* CoreMedia.framework */; };
		B00FA17B19A9248D00DBC0D3 /* AVFoundation.framework in Frameworks */ = {isa = PBXBuildFile; fileRef = B00FA17A19A9248D00DBC0D3 /* AVFoundation.framework */; };
		B024B9DB191DF8820002F765 /* SurfacePool.cpp in Sources */ = {isa = PBXBuildFile; fileRef = B024B9DA191DF8820002F765 /* SurfacePool.cpp */; };
		B0287B07195BCCFD0012061C /* model_frag.glsl in Resources */ = {isa = PBXBuildFile; fileRef = B0287B05195BCCFD0012061C /* model_frag.glsl */; };
		B0287B08195BCCFD0012061C /* morph_vert.glsl in Resources */ = {isa = PBXBuildFile; fileRef = B0287B06195BCCFD0012061C /* morph_vert.glsl */; };
		B02B23711926C809007DAF3B /* SkeletalTriMesh.cpp in Sources */ = {isa = PBXBuildFile; fileRef = B02B236E1926C809007DAF3B /* SkeletalTriMesh.cpp */; };
		B02B23721926C809007DAF3B /* SkeletalMesh.cpp in Sources */ = {isa = PBXBuildFile; fileRef = B02B23701926C809007DAF3B /* SkeletalMesh.cpp */; };
		B09FAA0318BC6DE20029C63A /* Actor.cpp in Sources */ = {isa = PBXBuildFile; fileRef = B09FA9EC18BC6DE20029C63A /* Actor.cpp */; };
		B09FAA0418BC6DE20029C63A /* AnimCurve.cpp in Sources */ = {isa = PBXBuildFile; fileRef = B09FA9EF18BC6DE20029C63A /* AnimCurve.cpp */; };
		B09FAA0518BC6DE20029C63A /* AssimpLoader.cpp in Sources */ = {isa = PBXBuildFile; fileRef = B09FA9F218BC6DE20029C63A /* AssimpLoader.cpp */; };
		B09FAA0618BC6DE20029C63A /* CustomIOStream.cpp in Sources */ = {isa = PBXBuildFile; fileRef = B09FA9F418BC6DE20029C63A /* CustomIOStream.cpp */; };
		B09FAA0718BC6DE20029C63A /* ModelIo.cpp in Sources */ = {isa = PBXBuildFile; fileRef = B09FA9F718BC6DE20029C63A /* ModelIo.cpp */; };
		B09FAA0818BC6DE20029C63A /* Node.cpp in Sources */ = {isa = PBXBuildFile; fileRef = B09FA9F918BC6DE20029C63A /* Node.cpp */; };
		B09FAA0918BC6DE20029C63A /* Renderer.cpp in Sources */ = {isa = PBXBuildFile; fileRef = B09FA9FB18BC6DE20029C63A /* Renderer.cpp */; };
		B09FAA0A18BC6DE20029C63A /* Skeleton.cpp in Sources */ = {isa = PBXBuildFile; fileRef = B09FA9FD18BC6DE20029C63A /* Skeleton.cpp */; };
		DF2A268730804474AEAD28F5 /* CinderApp.icns in Resources */ = {isa = PBXBuildFile; fileRef = 6D7BD7BEDF7F479284A7C1BB /* CinderApp.icns */; };
/* End PBXBuildFile section */

/* Begin PBXFileReference section */
		0091D8F80E81B9330029341E /* OpenGL.framework */ = {isa = PBXFileReference; lastKnownFileType = wrapper.framework; name = OpenGL.framework; path = /System/Library/Frameworks/OpenGL.framework; sourceTree = "<absolute>"; };
		00B784AF0FF439BC000DE1D7 /* Accelerate.framework */ = {isa = PBXFileReference; lastKnownFileType = wrapper.framework; name = Accelerate.framework; path = System/Library/Frameworks/Accelerate.framework; sourceTree = SDKROOT; };
		00B784B00FF439BC000DE1D7 /* AudioToolbox.framework */ = {isa = PBXFileReference; lastKnownFileType = wrapper.framework; name = AudioToolbox.framework; path = System/Library/Frameworks/AudioToolbox.framework; sourceTree = SDKROOT; };
		00B784B10FF439BC000DE1D7 /* AudioUnit.framework */ = {isa = PBXFileReference; lastKnownFileType = wrapper.framework; name = AudioUnit.framework; path = System/Library/Frameworks/AudioUnit.framework; sourceTree = SDKROOT; };
		00B784B20FF439BC000DE1D7 /* CoreAudio.framework */ = {isa = PBXFileReference; lastKnownFileType = wrapper.framework; name = CoreAudio.framework; path = System/Library/Frameworks/CoreAudio.framework; sourceTree = SDKROOT; };
		1058C7A1FEA54F0111CA2CBB /* Cocoa.framework */ = {isa = PBXFileReference; lastKnownFileType = wrapper.framework; name = Cocoa.framework; path = /System/Library/Frameworks/Cocoa.framework; sourceTree = "<absolute>"; };
		14B331181BF920AA0053B51E /* static_vert.glsl */ = {isa = PBXFileReference; fileEncoding = 4; lastKnownFileType = text; name = static_vert.glsl; path = ../../../resources/static_vert.glsl; sourceTree = "<group>"; };
		14B3311A1BF920BF0053B51E /* IOKit.framework */ = {isa = PBXFileReference; lastKnownFileType = wrapper.framework; name = IOKit.framework; path = System/Library/Frameworks/IOKit.framework; sourceTree = SDKROOT; };
		14B3311C1BF920E80053B51E /* libz.a */ = {isa = PBXFileReference; lastKnownFileType = archive.ar; name = libz.a; path = ../../../../../lib/macosx/libz.a; sourceTree = "<group>"; };
		29B97324FDCFA39411CA2CEA /* AppKit.framework */ = {isa = PBXFileReference; lastKnownFileType = wrapper.framework; name = AppKit.framework; path = /System/Library/Frameworks/AppKit.framework; sourceTree = "<absolute>"; };
		29B97325FDCFA39411CA2CEA /* Foundation.framework */ = {isa = PBXFileReference; lastKnownFileType = wrapper.framework; name = Foundation.framework; path = /System/Library/Frameworks/Foundation.framework; sourceTree = "<absolute>"; };
		389938255A7D41B7BCDF0F7E /* Info.plist */ = {isa = PBXFileReference; lastKnownFileType = text.plist.xml; path = Info.plist; sourceTree = "<group>"; };
		5323E6B10EAFCA74003A9687 /* CoreVideo.framework */ = {isa = PBXFileReference; lastKnownFileType = wrapper.framework; name = CoreVideo.framework; path = /System/Library/Frameworks/CoreVideo.framework; sourceTree = "<absolute>"; };
		5323E6B50EAFCA7E003A9687 /* QTKit.framework */ = {isa = PBXFileReference; lastKnownFileType = wrapper.framework; name = QTKit.framework; path = /System/Library/Frameworks/QTKit.framework; sourceTree = "<absolute>"; };
		5B4919597CD14EA1A81C8FAD /* MultipleAnimationsDemoApp.cpp */ = {isa = PBXFileReference; lastKnownFileType = sourcecode.c.cpp; name = MultipleAnimationsDemoApp.cpp; path = ../src/MultipleAnimationsDemoApp.cpp; sourceTree = "<group>"; };
		6D7BD7BEDF7F479284A7C1BB /* CinderApp.icns */ = {isa = PBXFileReference; lastKnownFileType = image.icns; name = CinderApp.icns; path = ../resources/CinderApp.icns; sourceTree = "<group>"; };
		71F4866CD10E4E9EB7826642 /* MultipleAnimationsDemo_Prefix.pch */ = {isa = PBXFileReference; lastKnownFileType = "\"\""; path = MultipleAnimationsDemo_Prefix.pch; sourceTree = "<group>"; };
		8D1107320486CEB800E47090 /* MultipleAnimationsDemo.app */ = {isa = PBXFileReference; explicitFileType = wrapper.application; includeInIndex = 0; path = MultipleAnimationsDemo.app; sourceTree = BUILT_PRODUCTS_DIR; };
		965F0ABD7F5C4CBB8342DD6C /* skinning_vert.glsl */ = {isa = PBXFileReference; lastKnownFileType = text; name = skinning_vert.glsl; path = ../../../resources/skinning_vert.glsl; sourceTree = "<group>"; };
		A79F9B36A5D742C9BA9E4544 /* Resources.h */ = {isa = PBXFileReference; lastKnownFileType = sourcecode.c.h; name = Resources.h; path = ../include/Resources.h; sourceTree = "<group>"; };
		B00FA17819A9248800DBC0D3 /* CoreMedia.framework */ = {isa = PBXFileReference; lastKnownFileType = wrapper.framework; name = CoreMedia.framework; path = System/Library/Frameworks/CoreMedia.framework; sourceTree = SDKROOT; };
		B00FA17A19A9248D00DBC0D3 /* AVFoundation.framework */ = {isa = PBXFileReference; lastKnownFileType = wrapper.framework; name = AVFoundation.framework; path = System/Library/Frameworks/AVFoundation.framework; sourceTree = SDKROOT; };
		B024B9D9191DF8820002F765 /* SurfacePool.h */ = {isa = PBXFileReference; fileEncoding = 4; lastKnownFileType = sourcecode.c.h; path = SurfacePool.h; sourceTree = "<group>"; };
		B024B9DA191DF8820002F765 /* SurfacePool.cpp */ = {isa = PBXFileReference; fileEncoding = 4; lastKnownFileType = sourcecode.cpp.cpp; path = SurfacePool.cpp; sourceTree = "<group>"; };
		B0287B05195BCCFD0012061C /* model_frag.glsl */ = {isa = PBXFileReference; fileEncoding = 4; lastKnownFileType = text; name = model_frag.glsl; path = ../../../resources/model_frag.glsl; sourceTree = "<group>"; };
		B0287B06195BCCFD0012061C /* morph_vert.glsl */ = {isa = PBXFileReference; fileEncoding = 4; lastKnownFileType = text; name = morph_vert.glsl; path = ../../../resources/morph_vert.glsl; sourceTree = "<group>"; };
		B02B236D1926C809007DAF3B /* SkeletalTriMesh.h */ = {isa = PBXFileReference; fileEncoding = 4; lastKnownFileType = sourcecode.c.h; path = SkeletalTriMesh.h; sourceTree = "<group>"; };
		B02B236E1926C809007DAF3B /* SkeletalTriMesh.cpp */ = {isa = PBXFileReference; fileEncoding = 4; lastKnownFileType = sourcecode.cpp.cpp; path = SkeletalTriMesh.cpp; sourceTree = "<group>"; };
		B02B236F1926C809007DAF3B /* SkeletalMesh.h */ = {isa = PBXFileReference; fileEncoding = 4; lastKnownFileType = sourcecode.c.h; path = SkeletalMesh.h; sourceTree = "<group>"; };
		B02B23701926C809007DAF3B /* SkeletalMesh.cpp */ = {isa = PBXFileReference; fileEncoding = 4; lastKnownFileType = sourcecode.cpp.cpp; path = SkeletalMesh.cpp; sourceTree = "<group>"; };
		B09FA9EC18BC6DE20029C63A /* Actor.cpp */ = {isa = PBXFileReference; fileEncoding = 4; lastKnownFileType = sourcecode.cpp.cpp; path = Actor.cpp; sourceTree = "<group>"; };
		B09FA9ED18BC6DE20029C63A /* Actor.h */ = {isa = PBXFileReference; fileEncoding = 4; lastKnownFileType = sourcecode.c.h; path = Actor.h; sourceTree = "<group>"; };
		B09FA9EE18BC6DE20029C63A /* AMeshSection.h */ = {isa = PBXFileReference; fileEncoding = 4; lastKnownFileType = sourcecode.c.h; path = AMeshSection.h; sourceTree = "<group>"; };
		B09FA9EF18BC6DE20029C63A /* AnimCurve.cpp */ = {isa = PBXFileReference; fileEncoding = 4; lastKnownFileType = sourcecode.cpp.cpp; path = AnimCurve.cpp; sourceTree = "<group>"; };
		B09FA9F018BC6DE20029C63A /* AnimCurve.h */ = {isa = PBXFileReference; fileEncoding = 4; lastKnownFileType = sourcecode.c.h; path = AnimCurve.h; sourceTree = "<group>"; };
		B09FA9F118BC6DE20029C63A /* AnimTrack.h */ = {isa = PBXFileReference; fileEncoding = 4; lastKnownFileType = sourcecode.c.h; path = AnimTrack.h; sourceTree = "<group>"; };
		B09FA9F218BC6DE20029C63A /* AssimpLoader.cpp */ = {isa = PBXFileReference; fileEncoding = 4; lastKnownFileType = sourcecode.cpp.cpp; path = AssimpLoader.cpp; sourceTree = "<group>"; };
		B09FA9F318BC6DE20029C63A /* AssimpLoader.h */ = {isa = PBXFileReference; fileEncoding = 4; lastKnownFileType = sourcecode.c.h; path = AssimpLoader.h; sourceTree = "<group>"; };
		B09FA9F418BC6DE20029C63A /* CustomIOStream.cpp */ = {isa = PBXFileReference; fileEncoding = 4; lastKnownFileType = sourcecode.cpp.cpp; path = CustomIOStream.cpp; sourceTree = "<group>"; };
		B09FA9F518BC6DE20029C63A /* CustomIOStream.h */ = {isa = PBXFileReference; fileEncoding = 4; lastKnownFileType = sourcecode.c.h; path = CustomIOStream.h; sourceTree = "<group>"; };
		B09FA9F618BC6DE20029C63A /* Debug.h */ = {isa = PBXFileReference; fileEncoding = 4; lastKnownFileType = sourcecode.c.h; path = Debug.h; sourceTree = "<group>"; };
		B09FA9F718BC6DE20029C63A /* ModelIo.cpp */ = {isa = PBXFileReference; fileEncoding = 4; lastKnownFileType = sourcecode.cpp.cpp; path = ModelIo.cpp; sourceTree = "<group>"; };
		B09FA9F818BC6DE20029C63A /* ModelIo.h */ = {isa = PBXFileReference; fileEncoding = 4; lastKnownFileType = sourcecode.c.h; path = ModelIo.h; sourceTree = "<group>"; };
		B09FA9F918BC6DE20029C63A /* Node.cpp */ = {isa = PBXFileReference; fileEncoding = 4; lastKnownFileType = sourcecode.cpp.cpp; path = Node.cpp; sourceTree = "<group>"; };
		B09FA9FA18BC6DE20029C63A /* Node.h */ = {isa = PBXFileReference; fileEncoding = 4; lastKnownFileType = sourcecode.c.h; path = Node.h; sourceTree = "<group>"; };
		B09FA9FB18BC6DE20029C63A /* Renderer.cpp */ = {isa = PBXFileReference; fileEncoding = 4; lastKnownFileType = sourcecode.cpp.cpp; path = Renderer.cpp; sourceTree = "<group>"; };
		B09FA9FC18BC6DE20029C63A /* Renderer.h */ = {isa = PBXFileReference; fileEncoding = 4; lastKnownFileType = sourcecode.c.h; path = Renderer.h; sourceTree = "<group>"; };
		B09FA9FD18BC6DE20029C63A /* Skeleton.cpp */ = {isa = PBXFileReference; fileEncoding = 4; lastKnownFileType = sourcecode.cpp.cpp; path = Skeleton.cpp; sourceTree = "<group>"; };
		B09FA9FE18BC6DE20029C63A /* Skeleton.h */ = {isa = PBXFileReference; fileEncoding = 4; lastKnownFileType = sourcecode.c.h; path = Skeleton.h; sourceTree = "<group>"; };
/* End PBXFileReference section */

/* Begin PBXFrameworksBuildPhase section */
		8D11072E0486CEB800E47090 /* Frameworks */ = {
			isa = PBXFrameworksBuildPhase;
			buildActionMask = 2147483647;
			files = (
				14B3311D1BF920E80053B51E /* libz.a in Frameworks */,
				14B3311B1BF920BF0053B51E /* IOKit.framework in Frameworks */,
				B00FA17B19A9248D00DBC0D3 /* AVFoundation.framework in Frameworks */,
				B00FA17919A9248800DBC0D3 /* CoreMedia.framework in Frameworks */,
				8D11072F0486CEB800E47090 /* Cocoa.framework in Frameworks */,
				0091D8F90E81B9330029341E /* OpenGL.framework in Frameworks */,
				5323E6B20EAFCA74003A9687 /* CoreVideo.framework in Frameworks */,
				5323E6B60EAFCA7E003A9687 /* QTKit.framework in Frameworks */,
				00B784B30FF439BC000DE1D7 /* Accelerate.framework in Frameworks */,
				00B784B40FF439BC000DE1D7 /* AudioToolbox.framework in Frameworks */,
				00B784B50FF439BC000DE1D7 /* AudioUnit.framework in Frameworks */,
				00B784B60FF439BC000DE1D7 /* CoreAudio.framework in Frameworks */,
			);
			runOnlyForDeploymentPostprocessing = 0;
		};
/* End PBXFrameworksBuildPhase section */

/* Begin PBXGroup section */
		01B97315FEAEA392516A2CEA /* Blocks */ = {
			isa = PBXGroup;
			children = (
				4D24640762304336A219698C /* Skinning */,
			);
			name = Blocks;
			sourceTree = "<group>";
		};
		080E96DDFE201D6D7F000001 /* Source */ = {
			isa = PBXGroup;
			children = (
				5B4919597CD14EA1A81C8FAD /* MultipleAnimationsDemoApp.cpp */,
			);
			name = Source;
			sourceTree = "<group>";
		};
		1058C7A0FEA54F0111CA2CBB /* Linked Frameworks */ = {
			isa = PBXGroup;
			children = (
				00B784AF0FF439BC000DE1D7 /* Accelerate.framework */,
				00B784B00FF439BC000DE1D7 /* AudioToolbox.framework */,
				00B784B10FF439BC000DE1D7 /* AudioUnit.framework */,
				00B784B20FF439BC000DE1D7 /* CoreAudio.framework */,
				5323E6B50EAFCA7E003A9687 /* QTKit.framework */,
				5323E6B10EAFCA74003A9687 /* CoreVideo.framework */,
				0091D8F80E81B9330029341E /* OpenGL.framework */,
				1058C7A1FEA54F0111CA2CBB /* Cocoa.framework */,
			);
			name = "Linked Frameworks";
			sourceTree = "<group>";
		};
		1058C7A2FEA54F0111CA2CBB /* Other Frameworks */ = {
			isa = PBXGroup;
			children = (
				29B97324FDCFA39411CA2CEA /* AppKit.framework */,
				29B97325FDCFA39411CA2CEA /* Foundation.framework */,
			);
			name = "Other Frameworks";
			sourceTree = "<group>";
		};
		19C28FACFE9D520D11CA2CBB /* Products */ = {
			isa = PBXGroup;
			children = (
				8D1107320486CEB800E47090 /* MultipleAnimationsDemo.app */,
			);
			name = Products;
			sourceTree = "<group>";
		};
		29B97314FDCFA39411CA2CEA /* MultipleAnimationsDemo */ = {
			isa = PBXGroup;
			children = (
				01B97315FEAEA392516A2CEA /* Blocks */,
				29B97315FDCFA39411CA2CEA /* Headers */,
				080E96DDFE201D6D7F000001 /* Source */,
				29B97317FDCFA39411CA2CEA /* Resources */,
				29B97323FDCFA39411CA2CEA /* Frameworks */,
				19C28FACFE9D520D11CA2CBB /* Products */,
			);
			name = MultipleAnimationsDemo;
			sourceTree = "<group>";
		};
		29B97315FDCFA39411CA2CEA /* Headers */ = {
			isa = PBXGroup;
			children = (
				A79F9B36A5D742C9BA9E4544 /* Resources.h */,
				71F4866CD10E4E9EB7826642 /* MultipleAnimationsDemo_Prefix.pch */,
			);
			name = Headers;
			sourceTree = "<group>";
		};
		29B97317FDCFA39411CA2CEA /* Resources */ = {
			isa = PBXGroup;
			children = (
				6D7BD7BEDF7F479284A7C1BB /* CinderApp.icns */,
				389938255A7D41B7BCDF0F7E /* Info.plist */,
			);
			name = Resources;
			sourceTree = "<group>";
		};
		29B97323FDCFA39411CA2CEA /* Frameworks */ = {
			isa = PBXGroup;
			children = (
				14B3311C1BF920E80053B51E /* libz.a */,
				14B3311A1BF920BF0053B51E /* IOKit.framework */,
				B00FA17A19A9248D00DBC0D3 /* AVFoundation.framework */,
				B00FA17819A9248800DBC0D3 /* CoreMedia.framework */,
				1058C7A0FEA54F0111CA2CBB /* Linked Frameworks */,
				1058C7A2FEA54F0111CA2CBB /* Other Frameworks */,
			);
			name = Frameworks;
			sourceTree = "<group>";
		};
		4D24640762304336A219698C /* Skinning */ = {
			isa = PBXGroup;
			children = (
				B09FA9EB18BC6DE20029C63A /* model */,
				C2C8FA7ED7E34FDABB58D351 /* resources */,
			);
			name = Skinning;
			sourceTree = "<group>";
		};
		B09FA9EB18BC6DE20029C63A /* model */ = {
			isa = PBXGroup;
			children = (
				B09FA9EC18BC6DE20029C63A /* Actor.cpp */,
				B09FA9ED18BC6DE20029C63A /* Actor.h */,
				B09FA9EE18BC6DE20029C63A /* AMeshSection.h */,
				B09FA9EF18BC6DE20029C63A /* AnimCurve.cpp */,
				B09FA9F018BC6DE20029C63A /* AnimCurve.h */,
				B09FA9F118BC6DE20029C63A /* AnimTrack.h */,
				B09FA9F218BC6DE20029C63A /* AssimpLoader.cpp */,
				B09FA9F318BC6DE20029C63A /* AssimpLoader.h */,
				B09FA9F418BC6DE20029C63A /* CustomIOStream.cpp */,
				B09FA9F518BC6DE20029C63A /* CustomIOStream.h */,
				B09FA9F618BC6DE20029C63A /* Debug.h */,
				B09FA9F718BC6DE20029C63A /* ModelIo.cpp */,
				B09FA9F818BC6DE20029C63A /* ModelIo.h */,
				B09FA9F918BC6DE20029C63A /* Node.cpp */,
				B09FA9FA18BC6DE20029C63A /* Node.h */,
				B09FA9FB18BC6DE20029C63A /* Renderer.cpp */,
				B09FA9FC18BC6DE20029C63A /* Renderer.h */,
				B09FA9FD18BC6DE20029C63A /* Skeleton.cpp */,
				B09FA9FE18BC6DE20029C63A /* Skeleton.h */,
				B02B236D1926C809007DAF3B /* SkeletalTriMesh.h */,
				B02B236E1926C809007DAF3B /* SkeletalTriMesh.cpp */,
				B02B236F1926C809007DAF3B /* SkeletalMesh.h */,
				B02B23701926C809007DAF3B /* SkeletalMesh.cpp */,
				B024B9D9191DF8820002F765 /* SurfacePool.h */,
				B024B9DA191DF8820002F765 /* SurfacePool.cpp */,
			);
			name = model;
			path = ../../../src/model;
			sourceTree = "<group>";
		};
		C2C8FA7ED7E34FDABB58D351 /* resources */ = {
			isa = PBXGroup;
			children = (
				14B331181BF920AA0053B51E /* static_vert.glsl */,
				965F0ABD7F5C4CBB8342DD6C /* skinning_vert.glsl */,
				B0287B05195BCCFD0012061C /* model_frag.glsl */,
				B0287B06195BCCFD0012061C /* morph_vert.glsl */,
			);
			name = resources;
			sourceTree = "<group>";
		};
/* End PBXGroup section */

/* Begin PBXNativeTarget section */
		8D1107260486CEB800E47090 /* MultipleAnimationsDemo */ = {
			isa = PBXNativeTarget;
			buildConfigurationList = C01FCF4A08A954540054247B /* Build configuration list for PBXNativeTarget "MultipleAnimationsDemo" */;
			buildPhases = (
				8D1107290486CEB800E47090 /* Resources */,
				8D11072C0486CEB800E47090 /* Sources */,
				8D11072E0486CEB800E47090 /* Frameworks */,
			);
			buildRules = (
			);
			dependencies = (
			);
			name = MultipleAnimationsDemo;
			productInstallPath = "$(HOME)/Applications";
			productName = MultipleAnimationsDemo;
			productReference = 8D1107320486CEB800E47090 /* MultipleAnimationsDemo.app */;
			productType = "com.apple.product-type.application";
		};
/* End PBXNativeTarget section */

/* Begin PBXProject section */
		29B97313FDCFA39411CA2CEA /* Project object */ = {
			isa = PBXProject;
			attributes = {
				LastUpgradeCheck = 0510;
			};
			buildConfigurationList = C01FCF4E08A954540054247B /* Build configuration list for PBXProject "MultipleAnimationsDemo" */;
			compatibilityVersion = "Xcode 3.2";
			developmentRegion = English;
			hasScannedForEncodings = 1;
			knownRegions = (
				English,
				Japanese,
				French,
				German,
			);
			mainGroup = 29B97314FDCFA39411CA2CEA /* MultipleAnimationsDemo */;
			projectDirPath = "";
			projectRoot = "";
			targets = (
				8D1107260486CEB800E47090 /* MultipleAnimationsDemo */,
			);
		};
/* End PBXProject section */

/* Begin PBXResourcesBuildPhase section */
		8D1107290486CEB800E47090 /* Resources */ = {
			isa = PBXResourcesBuildPhase;
			buildActionMask = 2147483647;
			files = (
				DF2A268730804474AEAD28F5 /* CinderApp.icns in Resources */,
				14B331191BF920AA0053B51E /* static_vert.glsl in Resources */,
				B0287B08195BCCFD0012061C /* morph_vert.glsl in Resources */,
				B0287B07195BCCFD0012061C /* model_frag.glsl in Resources */,
				0C5B4F59D00A4EE2A9D88FF1 /* skinning_vert.glsl in Resources */,
			);
			runOnlyForDeploymentPostprocessing = 0;
		};
/* End PBXResourcesBuildPhase section */

/* Begin PBXSourcesBuildPhase section */
		8D11072C0486CEB800E47090 /* Sources */ = {
			isa = PBXSourcesBuildPhase;
			buildActionMask = 2147483647;
			files = (
				B09FAA0A18BC6DE20029C63A /* Skeleton.cpp in Sources */,
				B09FAA0618BC6DE20029C63A /* CustomIOStream.cpp in Sources */,
				B09FAA0818BC6DE20029C63A /* Node.cpp in Sources */,
				B02B23721926C809007DAF3B /* SkeletalMesh.cpp in Sources */,
				79166D9385E94D83AFD2A00D /* MultipleAnimationsDemoApp.cpp in Sources */,
				B09FAA0518BC6DE20029C63A /* AssimpLoader.cpp in Sources */,
				B09FAA0918BC6DE20029C63A /* Renderer.cpp in Sources */,
				B09FAA0718BC6DE20029C63A /* ModelIo.cpp in Sources */,
				B09FAA0318BC6DE20029C63A /* Actor.cpp in Sources */,
				B02B23711926C809007DAF3B /* SkeletalTriMesh.cpp in Sources */,
				B09FAA0418BC6DE20029C63A /* AnimCurve.cpp in Sources */,
				B024B9DB191DF8820002F765 /* SurfacePool.cpp in Sources */,
			);
			runOnlyForDeploymentPostprocessing = 0;
		};
/* End PBXSourcesBuildPhase section */

/* Begin XCBuildConfiguration section */
		C01FCF4B08A954540054247B /* Debug */ = {
			isa = XCBuildConfiguration;
			buildSettings = {
				ALWAYS_SEARCH_USER_PATHS = YES;
				COMBINE_HIDPI_IMAGES = YES;
				COPY_PHASE_STRIP = NO;
				DEAD_CODE_STRIPPING = YES;
				GCC_DYNAMIC_NO_PIC = NO;
				GCC_INLINES_ARE_PRIVATE_EXTERN = YES;
				GCC_OPTIMIZATION_LEVEL = 0;
				GCC_PRECOMPILE_PREFIX_HEADER = YES;
				GCC_PREFIX_HEADER = MultipleAnimationsDemo_Prefix.pch;
				GCC_PREPROCESSOR_DEFINITIONS = (
					"DEBUG=1",
					"$(inherited)",
				);
				GCC_SYMBOLS_PRIVATE_EXTERN = NO;
				HEADER_SEARCH_PATHS = "";
				INFOPLIST_FILE = Info.plist;
				INSTALL_PATH = "$(HOME)/Applications";
				LIBRARY_SEARCH_PATHS = (
					"$(inherited)",
					"\"$(CINDER_PATH)/lib/macosx\"",
				);
				OTHER_LDFLAGS = (
					"\"$(CINDER_PATH)/lib/libcinder_d.a\"",
					../../../lib/macosx/libassimp.a,
				);
				PRODUCT_NAME = MultipleAnimationsDemo;
				SYMROOT = ./build;
				USER_HEADER_SEARCH_PATHS = "\"$(CINDER_PATH)/include\" ../include ../../../src";
				WRAPPER_EXTENSION = app;
			};
			name = Debug;
		};
		C01FCF4C08A954540054247B /* Release */ = {
			isa = XCBuildConfiguration;
			buildSettings = {
				ALWAYS_SEARCH_USER_PATHS = YES;
				COMBINE_HIDPI_IMAGES = YES;
				DEAD_CODE_STRIPPING = YES;
				DEBUG_INFORMATION_FORMAT = "dwarf-with-dsym";
				GCC_FAST_MATH = YES;
				GCC_GENERATE_DEBUGGING_SYMBOLS = NO;
				GCC_INLINES_ARE_PRIVATE_EXTERN = YES;
				GCC_OPTIMIZATION_LEVEL = 3;
				GCC_PRECOMPILE_PREFIX_HEADER = YES;
				GCC_PREFIX_HEADER = MultipleAnimationsDemo_Prefix.pch;
				GCC_SYMBOLS_PRIVATE_EXTERN = NO;
				HEADER_SEARCH_PATHS = "";
				INFOPLIST_FILE = Info.plist;
				INSTALL_PATH = "$(HOME)/Applications";
				LIBRARY_SEARCH_PATHS = (
					"$(inherited)",
					"\"$(CINDER_PATH)/lib/macosx\"",
				);
				OTHER_LDFLAGS = (
					"\"$(CINDER_PATH)/lib/libcinder.a\"",
					../../../lib/macosx/libassimp.a,
				);
				PRODUCT_NAME = MultipleAnimationsDemo;
				STRIP_INSTALLED_PRODUCT = YES;
				SYMROOT = ./build;
				USER_HEADER_SEARCH_PATHS = "\"$(CINDER_PATH)/include\" ../include ../../../src";
				WRAPPER_EXTENSION = app;
			};
			name = Release;
		};
		C01FCF4F08A954540054247B /* Debug */ = {
			isa = XCBuildConfiguration;
			buildSettings = {
				ALWAYS_SEARCH_USER_PATHS = NO;
				CINDER_PATH = ../../../../..;
				CLANG_CXX_LANGUAGE_STANDARD = "c++0x";
				CLANG_CXX_LIBRARY = "libc++";
				GCC_WARN_ABOUT_RETURN_TYPE = YES;
				GCC_WARN_UNUSED_VARIABLE = YES;
				HEADER_SEARCH_PATHS = "\"$(CINDER_PATH)/boost\"";
				MACOSX_DEPLOYMENT_TARGET = 10.7;
				ONLY_ACTIVE_ARCH = YES;
				SDKROOT = macosx;
				USER_HEADER_SEARCH_PATHS = "\"$(CINDER_PATH)/include\" ../include ../../../include ../../../include/assimp";
			};
			name = Debug;
		};
		C01FCF5008A954540054247B /* Release */ = {
			isa = XCBuildConfiguration;
			buildSettings = {
				ALWAYS_SEARCH_USER_PATHS = NO;
				CINDER_PATH = ../../../../..;
				CLANG_CXX_LANGUAGE_STANDARD = "c++0x";
				CLANG_CXX_LIBRARY = "libc++";
				GCC_WARN_ABOUT_RETURN_TYPE = YES;
				GCC_WARN_UNUSED_VARIABLE = YES;
				HEADER_SEARCH_PATHS = "\"$(CINDER_PATH)/boost\"";
				MACOSX_DEPLOYMENT_TARGET = 10.7;
				SDKROOT = macosx;
				USER_HEADER_SEARCH_PATHS = "\"$(CINDER_PATH)/include\" ../include ../../../include ../../../include/assimp";
			};
			name = Release;
		};
/* End XCBuildConfiguration section */

/* Begin XCConfigurationList section */
		C01FCF4A08A954540054247B /* Build configuration list for PBXNativeTarget "MultipleAnimationsDemo" */ = {
			isa = XCConfigurationList;
			buildConfigurations = (
				C01FCF4B08A954540054247B /* Debug */,
				C01FCF4C08A954540054247B /* Release */,
			);
			defaultConfigurationIsVisible = 0;
			defaultConfigurationName = Release;
		};
		C01FCF4E08A954540054247B /* Build configuration list for PBXProject "MultipleAnimationsDemo" */ = {
			isa = XCConfigurationList;
			buildConfigurations = (
				C01FCF4F08A954540054247B /* Debug */,
				C01FCF5008A954540054247B /* Release */,
			);
			defaultConfigurationIsVisible = 0;
			defaultConfigurationName = Release;
		};
/* End XCConfigurationList section */
	};
	rootObject = 29B97313FDCFA39411CA2CEA /* Project object */;
}
